// !$*UTF8*$!
{
	archiveVersion = 1;
	classes = {
	};
	objectVersion = 56;
	objects = {

/* Begin PBXBuildFile section */
		4212EDD02C56D9E400F30DD2 /* AppLukApp.swift in Sources */ = {isa = PBXBuildFile; fileRef = 4212EDCF2C56D9E400F30DD2 /* AppLukApp.swift */; };
		4212EDD22C56D9E400F30DD2 /* ContentView.swift in Sources */ = {isa = PBXBuildFile; fileRef = 4212EDD12C56D9E400F30DD2 /* ContentView.swift */; };
		4212EDD42C56D9E500F30DD2 /* Assets.xcassets in Resources */ = {isa = PBXBuildFile; fileRef = 4212EDD32C56D9E500F30DD2 /* Assets.xcassets */; };
		4212EDD72C56D9E600F30DD2 /* Preview Assets.xcassets in Resources */ = {isa = PBXBuildFile; fileRef = 4212EDD62C56D9E600F30DD2 /* Preview Assets.xcassets */; };
		425307F02C7656B000CF16DA /* CommentsViewModel.swift in Sources */ = {isa = PBXBuildFile; fileRef = 425307EF2C7656B000CF16DA /* CommentsViewModel.swift */; };
		425307F22C76570300CF16DA /* Comment.swift in Sources */ = {isa = PBXBuildFile; fileRef = 425307F12C76570300CF16DA /* Comment.swift */; };
		425307F42C7665C900CF16DA /* CommentsView.swift in Sources */ = {isa = PBXBuildFile; fileRef = 425307F32C7665C900CF16DA /* CommentsView.swift */; };
		427631672C67A812005BF2CA /* KnowledgeView.swift in Sources */ = {isa = PBXBuildFile; fileRef = 427631662C67A812005BF2CA /* KnowledgeView.swift */; };
		4276316D2C6A506D005BF2CA /* CreateKnowledgeView.swift in Sources */ = {isa = PBXBuildFile; fileRef = 4276316C2C6A506D005BF2CA /* CreateKnowledgeView.swift */; };
		428AAAC32C5D304D006B6647 /* MarkdownUI in Frameworks */ = {isa = PBXBuildFile; productRef = 428AAAC22C5D304D006B6647 /* MarkdownUI */; };
		428AAAC52C5D3259006B6647 /* Knowledge.swift in Sources */ = {isa = PBXBuildFile; fileRef = 428AAAC42C5D3259006B6647 /* Knowledge.swift */; };
		42B5974B2C6B977200C37F66 /* CreateKnowledgeViewModel.swift in Sources */ = {isa = PBXBuildFile; fileRef = 42B5974A2C6B977200C37F66 /* CreateKnowledgeViewModel.swift */; };
		42B597502C6D507D00C37F66 /* FirebaseAuth in Frameworks */ = {isa = PBXBuildFile; productRef = 42B5974F2C6D507D00C37F66 /* FirebaseAuth */; };
		42B597522C6D507D00C37F66 /* FirebaseFirestore in Frameworks */ = {isa = PBXBuildFile; productRef = 42B597512C6D507D00C37F66 /* FirebaseFirestore */; };
		42B597A82C6E40E400C37F66 /* CachedAsyncImage in Frameworks */ = {isa = PBXBuildFile; productRef = 42B597A72C6E40E400C37F66 /* CachedAsyncImage */; };
		42B597C02C6EE84C00C37F66 /* FirebaseStorage in Frameworks */ = {isa = PBXBuildFile; productRef = 42B597BF2C6EE84C00C37F66 /* FirebaseStorage */; };
		42B597CE2C6EEF7500C37F66 /* GoogleService-Info.plist in Resources */ = {isa = PBXBuildFile; fileRef = 42B597CD2C6EEF7500C37F66 /* GoogleService-Info.plist */; };
		42B598092C6F7FE200C37F66 /* User.swift in Sources */ = {isa = PBXBuildFile; fileRef = 42B598082C6F7FE100C37F66 /* User.swift */; };
		42B598182C6FC93200C37F66 /* AuthenticationViewModel.swift in Sources */ = {isa = PBXBuildFile; fileRef = 42B598132C6FC93100C37F66 /* AuthenticationViewModel.swift */; };
		42B598192C6FC93200C37F66 /* LoginView.swift in Sources */ = {isa = PBXBuildFile; fileRef = 42B598142C6FC93100C37F66 /* LoginView.swift */; };
		42B5981A2C6FC93200C37F66 /* AuthenticatedView.swift in Sources */ = {isa = PBXBuildFile; fileRef = 42B598152C6FC93100C37F66 /* AuthenticatedView.swift */; };
		42B5981B2C6FC93200C37F66 /* SignupView.swift in Sources */ = {isa = PBXBuildFile; fileRef = 42B598162C6FC93100C37F66 /* SignupView.swift */; };
		42B5981C2C6FC93200C37F66 /* AuthenticationView.swift in Sources */ = {isa = PBXBuildFile; fileRef = 42B598172C6FC93200C37F66 /* AuthenticationView.swift */; };
		42B598342C70482900C37F66 /* DataStorageManager.swift in Sources */ = {isa = PBXBuildFile; fileRef = 42B5982D2C70482800C37F66 /* DataStorageManager.swift */; };
		42B5983C2C70E23D00C37F66 /* SettingsView.swift in Sources */ = {isa = PBXBuildFile; fileRef = 42B5983B2C70E23D00C37F66 /* SettingsView.swift */; };
		42B5983E2C711B9100C37F66 /* UserViewModel.swift in Sources */ = {isa = PBXBuildFile; fileRef = 42B5983D2C711B9100C37F66 /* UserViewModel.swift */; };
		42B598422C726B6800C37F66 /* KnowledgeViewModel.swift in Sources */ = {isa = PBXBuildFile; fileRef = 42B598412C726B6800C37F66 /* KnowledgeViewModel.swift */; };
		42B598462C738A4A00C37F66 /* KnowledgeListView.swift in Sources */ = {isa = PBXBuildFile; fileRef = 42B598452C738A4A00C37F66 /* KnowledgeListView.swift */; };
		42B598482C73927500C37F66 /* Color+.swift in Sources */ = {isa = PBXBuildFile; fileRef = 42B598472C73927500C37F66 /* Color+.swift */; };
		42C6A8A22C80BD8200A28FAA /* SavedKnowledgeListView.swift in Sources */ = {isa = PBXBuildFile; fileRef = 42C6A8A12C80BD8100A28FAA /* SavedKnowledgeListView.swift */; };
		42EDD2BB2C78EEA800D99EDE /* AsyncCachedImage.swift in Sources */ = {isa = PBXBuildFile; fileRef = 42EDD2BA2C78EEA800D99EDE /* AsyncCachedImage.swift */; };
/* End PBXBuildFile section */

/* Begin PBXFileReference section */
		4212EDCC2C56D9E400F30DD2 /* AppLuk.app */ = {isa = PBXFileReference; explicitFileType = wrapper.application; includeInIndex = 0; path = AppLuk.app; sourceTree = BUILT_PRODUCTS_DIR; };
		4212EDCF2C56D9E400F30DD2 /* AppLukApp.swift */ = {isa = PBXFileReference; lastKnownFileType = sourcecode.swift; path = AppLukApp.swift; sourceTree = "<group>"; };
		4212EDD12C56D9E400F30DD2 /* ContentView.swift */ = {isa = PBXFileReference; lastKnownFileType = sourcecode.swift; path = ContentView.swift; sourceTree = "<group>"; };
		4212EDD32C56D9E500F30DD2 /* Assets.xcassets */ = {isa = PBXFileReference; lastKnownFileType = folder.assetcatalog; path = Assets.xcassets; sourceTree = "<group>"; };
		4212EDD62C56D9E600F30DD2 /* Preview Assets.xcassets */ = {isa = PBXFileReference; lastKnownFileType = folder.assetcatalog; path = "Preview Assets.xcassets"; sourceTree = "<group>"; };
		425307EF2C7656B000CF16DA /* CommentsViewModel.swift */ = {isa = PBXFileReference; lastKnownFileType = sourcecode.swift; path = CommentsViewModel.swift; sourceTree = "<group>"; };
		425307F12C76570300CF16DA /* Comment.swift */ = {isa = PBXFileReference; lastKnownFileType = sourcecode.swift; path = Comment.swift; sourceTree = "<group>"; };
		425307F32C7665C900CF16DA /* CommentsView.swift */ = {isa = PBXFileReference; lastKnownFileType = sourcecode.swift; path = CommentsView.swift; sourceTree = "<group>"; };
		427631662C67A812005BF2CA /* KnowledgeView.swift */ = {isa = PBXFileReference; lastKnownFileType = sourcecode.swift; path = KnowledgeView.swift; sourceTree = "<group>"; };
		4276316C2C6A506D005BF2CA /* CreateKnowledgeView.swift */ = {isa = PBXFileReference; lastKnownFileType = sourcecode.swift; path = CreateKnowledgeView.swift; sourceTree = "<group>"; };
		428AAAC42C5D3259006B6647 /* Knowledge.swift */ = {isa = PBXFileReference; lastKnownFileType = sourcecode.swift; path = Knowledge.swift; sourceTree = "<group>"; };
		42B5974A2C6B977200C37F66 /* CreateKnowledgeViewModel.swift */ = {isa = PBXFileReference; lastKnownFileType = sourcecode.swift; path = CreateKnowledgeViewModel.swift; sourceTree = "<group>"; };
		42B597CD2C6EEF7500C37F66 /* GoogleService-Info.plist */ = {isa = PBXFileReference; fileEncoding = 4; lastKnownFileType = text.plist.xml; path = "GoogleService-Info.plist"; sourceTree = "<group>"; };
		42B598082C6F7FE100C37F66 /* User.swift */ = {isa = PBXFileReference; lastKnownFileType = sourcecode.swift; path = User.swift; sourceTree = "<group>"; };
		42B598132C6FC93100C37F66 /* AuthenticationViewModel.swift */ = {isa = PBXFileReference; fileEncoding = 4; lastKnownFileType = sourcecode.swift; path = AuthenticationViewModel.swift; sourceTree = "<group>"; };
		42B598142C6FC93100C37F66 /* LoginView.swift */ = {isa = PBXFileReference; fileEncoding = 4; lastKnownFileType = sourcecode.swift; path = LoginView.swift; sourceTree = "<group>"; };
		42B598152C6FC93100C37F66 /* AuthenticatedView.swift */ = {isa = PBXFileReference; fileEncoding = 4; lastKnownFileType = sourcecode.swift; path = AuthenticatedView.swift; sourceTree = "<group>"; };
		42B598162C6FC93100C37F66 /* SignupView.swift */ = {isa = PBXFileReference; fileEncoding = 4; lastKnownFileType = sourcecode.swift; path = SignupView.swift; sourceTree = "<group>"; };
		42B598172C6FC93200C37F66 /* AuthenticationView.swift */ = {isa = PBXFileReference; fileEncoding = 4; lastKnownFileType = sourcecode.swift; path = AuthenticationView.swift; sourceTree = "<group>"; };
		42B5982D2C70482800C37F66 /* DataStorageManager.swift */ = {isa = PBXFileReference; fileEncoding = 4; lastKnownFileType = sourcecode.swift; path = DataStorageManager.swift; sourceTree = "<group>"; };
		42B5983B2C70E23D00C37F66 /* SettingsView.swift */ = {isa = PBXFileReference; lastKnownFileType = sourcecode.swift; path = SettingsView.swift; sourceTree = "<group>"; };
		42B5983D2C711B9100C37F66 /* UserViewModel.swift */ = {isa = PBXFileReference; lastKnownFileType = sourcecode.swift; path = UserViewModel.swift; sourceTree = "<group>"; };
		42B598412C726B6800C37F66 /* KnowledgeViewModel.swift */ = {isa = PBXFileReference; lastKnownFileType = sourcecode.swift; path = KnowledgeViewModel.swift; sourceTree = "<group>"; };
		42B598452C738A4A00C37F66 /* KnowledgeListView.swift */ = {isa = PBXFileReference; lastKnownFileType = sourcecode.swift; path = KnowledgeListView.swift; sourceTree = "<group>"; };
		42B598472C73927500C37F66 /* Color+.swift */ = {isa = PBXFileReference; lastKnownFileType = sourcecode.swift; path = "Color+.swift"; sourceTree = "<group>"; };
		42C6A8A12C80BD8100A28FAA /* SavedKnowledgeListView.swift */ = {isa = PBXFileReference; lastKnownFileType = sourcecode.swift; path = SavedKnowledgeListView.swift; sourceTree = "<group>"; };
		42EDD2BA2C78EEA800D99EDE /* AsyncCachedImage.swift */ = {isa = PBXFileReference; lastKnownFileType = sourcecode.swift; path = AsyncCachedImage.swift; sourceTree = "<group>"; };
/* End PBXFileReference section */

/* Begin PBXFrameworksBuildPhase section */
		4212EDC92C56D9E400F30DD2 /* Frameworks */ = {
			isa = PBXFrameworksBuildPhase;
			buildActionMask = 2147483647;
			files = (
				42B597A82C6E40E400C37F66 /* CachedAsyncImage in Frameworks */,
				428AAAC32C5D304D006B6647 /* MarkdownUI in Frameworks */,
				42B597502C6D507D00C37F66 /* FirebaseAuth in Frameworks */,
				42B597C02C6EE84C00C37F66 /* FirebaseStorage in Frameworks */,
				42B597522C6D507D00C37F66 /* FirebaseFirestore in Frameworks */,
			);
			runOnlyForDeploymentPostprocessing = 0;
		};
/* End PBXFrameworksBuildPhase section */

/* Begin PBXGroup section */
		4212EDC32C56D9E300F30DD2 = {
			isa = PBXGroup;
			children = (
				4212EDCE2C56D9E400F30DD2 /* AppLuk */,
				4212EDCD2C56D9E400F30DD2 /* Products */,
				42B597BE2C6EE84C00C37F66 /* Frameworks */,
			);
			sourceTree = "<group>";
		};
		4212EDCD2C56D9E400F30DD2 /* Products */ = {
			isa = PBXGroup;
			children = (
				4212EDCC2C56D9E400F30DD2 /* AppLuk.app */,
			);
			name = Products;
			sourceTree = "<group>";
		};
		4212EDCE2C56D9E400F30DD2 /* AppLuk */ = {
			isa = PBXGroup;
			children = (
				42B597CD2C6EEF7500C37F66 /* GoogleService-Info.plist */,
				4212EDCF2C56D9E400F30DD2 /* AppLukApp.swift */,
				42B598082C6F7FE100C37F66 /* User.swift */,
				42B5983D2C711B9100C37F66 /* UserViewModel.swift */,
				42B598472C73927500C37F66 /* Color+.swift */,
				42B5983B2C70E23D00C37F66 /* SettingsView.swift */,
				42B5982D2C70482800C37F66 /* DataStorageManager.swift */,
				42EDD2BA2C78EEA800D99EDE /* AsyncCachedImage.swift */,
				42B598122C6FC92600C37F66 /* Auth */,
				42B597832C6D828400C37F66 /* Posts */,
				4212EDD12C56D9E400F30DD2 /* ContentView.swift */,
				4212EDD32C56D9E500F30DD2 /* Assets.xcassets */,
				4212EDD52C56D9E600F30DD2 /* Preview Content */,
			);
			path = AppLuk;
			sourceTree = "<group>";
		};
		4212EDD52C56D9E600F30DD2 /* Preview Content */ = {
			isa = PBXGroup;
			children = (
				4212EDD62C56D9E600F30DD2 /* Preview Assets.xcassets */,
			);
			path = "Preview Content";
			sourceTree = "<group>";
		};
		42B597832C6D828400C37F66 /* Posts */ = {
			isa = PBXGroup;
			children = (
				42B598452C738A4A00C37F66 /* KnowledgeListView.swift */,
				427631662C67A812005BF2CA /* KnowledgeView.swift */,
				42C6A8A12C80BD8100A28FAA /* SavedKnowledgeListView.swift */,
				425307EF2C7656B000CF16DA /* CommentsViewModel.swift */,
				425307F12C76570300CF16DA /* Comment.swift */,
				425307F32C7665C900CF16DA /* CommentsView.swift */,
				42B598412C726B6800C37F66 /* KnowledgeViewModel.swift */,
				42B5974A2C6B977200C37F66 /* CreateKnowledgeViewModel.swift */,
				4276316C2C6A506D005BF2CA /* CreateKnowledgeView.swift */,
				428AAAC42C5D3259006B6647 /* Knowledge.swift */,
			);
			path = Posts;
			sourceTree = "<group>";
		};
		42B597BE2C6EE84C00C37F66 /* Frameworks */ = {
			isa = PBXGroup;
			children = (
			);
			name = Frameworks;
			sourceTree = "<group>";
		};
		42B598122C6FC92600C37F66 /* Auth */ = {
			isa = PBXGroup;
			children = (
				42B598152C6FC93100C37F66 /* AuthenticatedView.swift */,
				42B598172C6FC93200C37F66 /* AuthenticationView.swift */,
				42B598132C6FC93100C37F66 /* AuthenticationViewModel.swift */,
				42B598142C6FC93100C37F66 /* LoginView.swift */,
				42B598162C6FC93100C37F66 /* SignupView.swift */,
			);
			path = Auth;
			sourceTree = "<group>";
		};
/* End PBXGroup section */

/* Begin PBXNativeTarget section */
		4212EDCB2C56D9E400F30DD2 /* AppLuk */ = {
			isa = PBXNativeTarget;
			buildConfigurationList = 4212EDDA2C56D9E600F30DD2 /* Build configuration list for PBXNativeTarget "AppLuk" */;
			buildPhases = (
				4212EDC82C56D9E400F30DD2 /* Sources */,
				4212EDC92C56D9E400F30DD2 /* Frameworks */,
				4212EDCA2C56D9E400F30DD2 /* Resources */,
			);
			buildRules = (
			);
			dependencies = (
			);
			name = AppLuk;
			packageProductDependencies = (
				428AAAC22C5D304D006B6647 /* MarkdownUI */,
				42B5974F2C6D507D00C37F66 /* FirebaseAuth */,
				42B597512C6D507D00C37F66 /* FirebaseFirestore */,
				42B597A72C6E40E400C37F66 /* CachedAsyncImage */,
				42B597BF2C6EE84C00C37F66 /* FirebaseStorage */,
			);
			productName = AppLuk;
			productReference = 4212EDCC2C56D9E400F30DD2 /* AppLuk.app */;
			productType = "com.apple.product-type.application";
		};
/* End PBXNativeTarget section */

/* Begin PBXProject section */
		4212EDC42C56D9E300F30DD2 /* Project object */ = {
			isa = PBXProject;
			attributes = {
				BuildIndependentTargetsInParallel = 1;
				LastSwiftUpdateCheck = 1520;
				LastUpgradeCheck = 1520;
				TargetAttributes = {
					4212EDCB2C56D9E400F30DD2 = {
						CreatedOnToolsVersion = 15.2;
					};
				};
			};
			buildConfigurationList = 4212EDC72C56D9E300F30DD2 /* Build configuration list for PBXProject "AppLuk" */;
			compatibilityVersion = "Xcode 14.0";
			developmentRegion = en;
			hasScannedForEncodings = 0;
			knownRegions = (
				en,
				Base,
			);
			mainGroup = 4212EDC32C56D9E300F30DD2;
			packageReferences = (
				428AAAC12C5D304D006B6647 /* XCRemoteSwiftPackageReference "swift-markdown-ui" */,
				42B5974E2C6D507D00C37F66 /* XCRemoteSwiftPackageReference "firebase-ios-sdk" */,
				42B597A62C6E40E300C37F66 /* XCRemoteSwiftPackageReference "swiftui-cached-async-image" */,
			);
			productRefGroup = 4212EDCD2C56D9E400F30DD2 /* Products */;
			projectDirPath = "";
			projectRoot = "";
			targets = (
				4212EDCB2C56D9E400F30DD2 /* AppLuk */,
			);
		};
/* End PBXProject section */

/* Begin PBXResourcesBuildPhase section */
		4212EDCA2C56D9E400F30DD2 /* Resources */ = {
			isa = PBXResourcesBuildPhase;
			buildActionMask = 2147483647;
			files = (
				4212EDD72C56D9E600F30DD2 /* Preview Assets.xcassets in Resources */,
				4212EDD42C56D9E500F30DD2 /* Assets.xcassets in Resources */,
				42B597CE2C6EEF7500C37F66 /* GoogleService-Info.plist in Resources */,
			);
			runOnlyForDeploymentPostprocessing = 0;
		};
/* End PBXResourcesBuildPhase section */

/* Begin PBXSourcesBuildPhase section */
		4212EDC82C56D9E400F30DD2 /* Sources */ = {
			isa = PBXSourcesBuildPhase;
			buildActionMask = 2147483647;
			files = (
				42B598182C6FC93200C37F66 /* AuthenticationViewModel.swift in Sources */,
				4212EDD22C56D9E400F30DD2 /* ContentView.swift in Sources */,
				427631672C67A812005BF2CA /* KnowledgeView.swift in Sources */,
				425307F22C76570300CF16DA /* Comment.swift in Sources */,
				42B598422C726B6800C37F66 /* KnowledgeViewModel.swift in Sources */,
				4212EDD02C56D9E400F30DD2 /* AppLukApp.swift in Sources */,
				4276316D2C6A506D005BF2CA /* CreateKnowledgeView.swift in Sources */,
				42B5983C2C70E23D00C37F66 /* SettingsView.swift in Sources */,
				42B5981B2C6FC93200C37F66 /* SignupView.swift in Sources */,
				42B5974B2C6B977200C37F66 /* CreateKnowledgeViewModel.swift in Sources */,
				42B5981A2C6FC93200C37F66 /* AuthenticatedView.swift in Sources */,
				42B598192C6FC93200C37F66 /* LoginView.swift in Sources */,
				428AAAC52C5D3259006B6647 /* Knowledge.swift in Sources */,
				425307F02C7656B000CF16DA /* CommentsViewModel.swift in Sources */,
				42B598342C70482900C37F66 /* DataStorageManager.swift in Sources */,
				42B5981C2C6FC93200C37F66 /* AuthenticationView.swift in Sources */,
				42B598092C6F7FE200C37F66 /* User.swift in Sources */,
				42B5983E2C711B9100C37F66 /* UserViewModel.swift in Sources */,
				42B598482C73927500C37F66 /* Color+.swift in Sources */,
				42C6A8A22C80BD8200A28FAA /* SavedKnowledgeListView.swift in Sources */,
				42B598462C738A4A00C37F66 /* KnowledgeListView.swift in Sources */,
				42EDD2BB2C78EEA800D99EDE /* AsyncCachedImage.swift in Sources */,
				425307F42C7665C900CF16DA /* CommentsView.swift in Sources */,
			);
			runOnlyForDeploymentPostprocessing = 0;
		};
/* End PBXSourcesBuildPhase section */

/* Begin XCBuildConfiguration section */
		4212EDD82C56D9E600F30DD2 /* Debug */ = {
			isa = XCBuildConfiguration;
			buildSettings = {
				ALWAYS_SEARCH_USER_PATHS = NO;
				ASSETCATALOG_COMPILER_GENERATE_SWIFT_ASSET_SYMBOL_EXTENSIONS = YES;
				CLANG_ANALYZER_NONNULL = YES;
				CLANG_ANALYZER_NUMBER_OBJECT_CONVERSION = YES_AGGRESSIVE;
				CLANG_CXX_LANGUAGE_STANDARD = "gnu++20";
				CLANG_ENABLE_MODULES = YES;
				CLANG_ENABLE_OBJC_ARC = YES;
				CLANG_ENABLE_OBJC_WEAK = YES;
				CLANG_WARN_BLOCK_CAPTURE_AUTORELEASING = YES;
				CLANG_WARN_BOOL_CONVERSION = YES;
				CLANG_WARN_COMMA = YES;
				CLANG_WARN_CONSTANT_CONVERSION = YES;
				CLANG_WARN_DEPRECATED_OBJC_IMPLEMENTATIONS = YES;
				CLANG_WARN_DIRECT_OBJC_ISA_USAGE = YES_ERROR;
				CLANG_WARN_DOCUMENTATION_COMMENTS = YES;
				CLANG_WARN_EMPTY_BODY = YES;
				CLANG_WARN_ENUM_CONVERSION = YES;
				CLANG_WARN_INFINITE_RECURSION = YES;
				CLANG_WARN_INT_CONVERSION = YES;
				CLANG_WARN_NON_LITERAL_NULL_CONVERSION = YES;
				CLANG_WARN_OBJC_IMPLICIT_RETAIN_SELF = YES;
				CLANG_WARN_OBJC_LITERAL_CONVERSION = YES;
				CLANG_WARN_OBJC_ROOT_CLASS = YES_ERROR;
				CLANG_WARN_QUOTED_INCLUDE_IN_FRAMEWORK_HEADER = YES;
				CLANG_WARN_RANGE_LOOP_ANALYSIS = YES;
				CLANG_WARN_STRICT_PROTOTYPES = YES;
				CLANG_WARN_SUSPICIOUS_MOVE = YES;
				CLANG_WARN_UNGUARDED_AVAILABILITY = YES_AGGRESSIVE;
				CLANG_WARN_UNREACHABLE_CODE = YES;
				CLANG_WARN__DUPLICATE_METHOD_MATCH = YES;
				COPY_PHASE_STRIP = NO;
				DEBUG_INFORMATION_FORMAT = dwarf;
				ENABLE_STRICT_OBJC_MSGSEND = YES;
				ENABLE_TESTABILITY = YES;
				ENABLE_USER_SCRIPT_SANDBOXING = YES;
				GCC_C_LANGUAGE_STANDARD = gnu17;
				GCC_DYNAMIC_NO_PIC = NO;
				GCC_NO_COMMON_BLOCKS = YES;
				GCC_OPTIMIZATION_LEVEL = 0;
				GCC_PREPROCESSOR_DEFINITIONS = (
					"DEBUG=1",
					"$(inherited)",
				);
				GCC_WARN_64_TO_32_BIT_CONVERSION = YES;
				GCC_WARN_ABOUT_RETURN_TYPE = YES_ERROR;
				GCC_WARN_UNDECLARED_SELECTOR = YES;
				GCC_WARN_UNINITIALIZED_AUTOS = YES_AGGRESSIVE;
				GCC_WARN_UNUSED_FUNCTION = YES;
				GCC_WARN_UNUSED_VARIABLE = YES;
				IPHONEOS_DEPLOYMENT_TARGET = 17.2;
				LOCALIZATION_PREFERS_STRING_CATALOGS = YES;
				MTL_ENABLE_DEBUG_INFO = INCLUDE_SOURCE;
				MTL_FAST_MATH = YES;
				ONLY_ACTIVE_ARCH = YES;
				SDKROOT = iphoneos;
				SWIFT_ACTIVE_COMPILATION_CONDITIONS = "DEBUG $(inherited)";
				SWIFT_OPTIMIZATION_LEVEL = "-Onone";
			};
			name = Debug;
		};
		4212EDD92C56D9E600F30DD2 /* Release */ = {
			isa = XCBuildConfiguration;
			buildSettings = {
				ALWAYS_SEARCH_USER_PATHS = NO;
				ASSETCATALOG_COMPILER_GENERATE_SWIFT_ASSET_SYMBOL_EXTENSIONS = YES;
				CLANG_ANALYZER_NONNULL = YES;
				CLANG_ANALYZER_NUMBER_OBJECT_CONVERSION = YES_AGGRESSIVE;
				CLANG_CXX_LANGUAGE_STANDARD = "gnu++20";
				CLANG_ENABLE_MODULES = YES;
				CLANG_ENABLE_OBJC_ARC = YES;
				CLANG_ENABLE_OBJC_WEAK = YES;
				CLANG_WARN_BLOCK_CAPTURE_AUTORELEASING = YES;
				CLANG_WARN_BOOL_CONVERSION = YES;
				CLANG_WARN_COMMA = YES;
				CLANG_WARN_CONSTANT_CONVERSION = YES;
				CLANG_WARN_DEPRECATED_OBJC_IMPLEMENTATIONS = YES;
				CLANG_WARN_DIRECT_OBJC_ISA_USAGE = YES_ERROR;
				CLANG_WARN_DOCUMENTATION_COMMENTS = YES;
				CLANG_WARN_EMPTY_BODY = YES;
				CLANG_WARN_ENUM_CONVERSION = YES;
				CLANG_WARN_INFINITE_RECURSION = YES;
				CLANG_WARN_INT_CONVERSION = YES;
				CLANG_WARN_NON_LITERAL_NULL_CONVERSION = YES;
				CLANG_WARN_OBJC_IMPLICIT_RETAIN_SELF = YES;
				CLANG_WARN_OBJC_LITERAL_CONVERSION = YES;
				CLANG_WARN_OBJC_ROOT_CLASS = YES_ERROR;
				CLANG_WARN_QUOTED_INCLUDE_IN_FRAMEWORK_HEADER = YES;
				CLANG_WARN_RANGE_LOOP_ANALYSIS = YES;
				CLANG_WARN_STRICT_PROTOTYPES = YES;
				CLANG_WARN_SUSPICIOUS_MOVE = YES;
				CLANG_WARN_UNGUARDED_AVAILABILITY = YES_AGGRESSIVE;
				CLANG_WARN_UNREACHABLE_CODE = YES;
				CLANG_WARN__DUPLICATE_METHOD_MATCH = YES;
				COPY_PHASE_STRIP = NO;
				DEBUG_INFORMATION_FORMAT = "dwarf-with-dsym";
				ENABLE_NS_ASSERTIONS = NO;
				ENABLE_STRICT_OBJC_MSGSEND = YES;
				ENABLE_USER_SCRIPT_SANDBOXING = YES;
				GCC_C_LANGUAGE_STANDARD = gnu17;
				GCC_NO_COMMON_BLOCKS = YES;
				GCC_WARN_64_TO_32_BIT_CONVERSION = YES;
				GCC_WARN_ABOUT_RETURN_TYPE = YES_ERROR;
				GCC_WARN_UNDECLARED_SELECTOR = YES;
				GCC_WARN_UNINITIALIZED_AUTOS = YES_AGGRESSIVE;
				GCC_WARN_UNUSED_FUNCTION = YES;
				GCC_WARN_UNUSED_VARIABLE = YES;
				IPHONEOS_DEPLOYMENT_TARGET = 17.2;
				LOCALIZATION_PREFERS_STRING_CATALOGS = YES;
				MTL_ENABLE_DEBUG_INFO = NO;
				MTL_FAST_MATH = YES;
				SDKROOT = iphoneos;
				SWIFT_COMPILATION_MODE = wholemodule;
				VALIDATE_PRODUCT = YES;
			};
			name = Release;
		};
		4212EDDB2C56D9E600F30DD2 /* Debug */ = {
			isa = XCBuildConfiguration;
			buildSettings = {
				ASSETCATALOG_COMPILER_APPICON_NAME = AppIcon;
				ASSETCATALOG_COMPILER_GLOBAL_ACCENT_COLOR_NAME = AccentColor;
				CODE_SIGN_STYLE = Automatic;
				CURRENT_PROJECT_VERSION = 1;
				DEVELOPMENT_ASSET_PATHS = "\"AppLuk/Preview Content\"";
				DEVELOPMENT_TEAM = T76274KP97;
				ENABLE_PREVIEWS = YES;
				GENERATE_INFOPLIST_FILE = YES;
				INFOPLIST_KEY_NSCameraUsageDescription = "For avatar";
				INFOPLIST_KEY_NSPhotoLibraryUsageDescription = "For avatar";
				INFOPLIST_KEY_UIApplicationSceneManifest_Generation = YES;
				INFOPLIST_KEY_UIApplicationSupportsIndirectInputEvents = YES;
				INFOPLIST_KEY_UILaunchScreen_Generation = YES;
				INFOPLIST_KEY_UISupportedInterfaceOrientations_iPad = "UIInterfaceOrientationPortrait UIInterfaceOrientationPortraitUpsideDown UIInterfaceOrientationLandscapeLeft UIInterfaceOrientationLandscapeRight";
				INFOPLIST_KEY_UISupportedInterfaceOrientations_iPhone = "UIInterfaceOrientationPortrait UIInterfaceOrientationLandscapeLeft UIInterfaceOrientationLandscapeRight";
				LD_RUNPATH_SEARCH_PATHS = (
					"$(inherited)",
					"@executable_path/Frameworks",
				);
				MARKETING_VERSION = 1.0;
				PRODUCT_BUNDLE_IDENTIFIER = com.khang.nguyen.AppLuk;
				PRODUCT_NAME = "$(TARGET_NAME)";
				SWIFT_EMIT_LOC_STRINGS = YES;
				SWIFT_VERSION = 5.0;
				TARGETED_DEVICE_FAMILY = "1,2";
			};
			name = Debug;
		};
		4212EDDC2C56D9E600F30DD2 /* Release */ = {
			isa = XCBuildConfiguration;
			buildSettings = {
				ASSETCATALOG_COMPILER_APPICON_NAME = AppIcon;
				ASSETCATALOG_COMPILER_GLOBAL_ACCENT_COLOR_NAME = AccentColor;
				CODE_SIGN_STYLE = Automatic;
				CURRENT_PROJECT_VERSION = 1;
				DEVELOPMENT_ASSET_PATHS = "\"AppLuk/Preview Content\"";
				DEVELOPMENT_TEAM = T76274KP97;
				ENABLE_PREVIEWS = YES;
				GENERATE_INFOPLIST_FILE = YES;
				INFOPLIST_KEY_NSCameraUsageDescription = "For avatar";
				INFOPLIST_KEY_NSPhotoLibraryUsageDescription = "For avatar";
				INFOPLIST_KEY_UIApplicationSceneManifest_Generation = YES;
				INFOPLIST_KEY_UIApplicationSupportsIndirectInputEvents = YES;
				INFOPLIST_KEY_UILaunchScreen_Generation = YES;
				INFOPLIST_KEY_UISupportedInterfaceOrientations_iPad = "UIInterfaceOrientationPortrait UIInterfaceOrientationPortraitUpsideDown UIInterfaceOrientationLandscapeLeft UIInterfaceOrientationLandscapeRight";
				INFOPLIST_KEY_UISupportedInterfaceOrientations_iPhone = "UIInterfaceOrientationPortrait UIInterfaceOrientationLandscapeLeft UIInterfaceOrientationLandscapeRight";
				LD_RUNPATH_SEARCH_PATHS = (
					"$(inherited)",
					"@executable_path/Frameworks",
				);
				MARKETING_VERSION = 1.0;
				PRODUCT_BUNDLE_IDENTIFIER = com.khang.nguyen.AppLuk;
				PRODUCT_NAME = "$(TARGET_NAME)";
				SWIFT_EMIT_LOC_STRINGS = YES;
				SWIFT_VERSION = 5.0;
				TARGETED_DEVICE_FAMILY = "1,2";
			};
			name = Release;
		};
/* End XCBuildConfiguration section */

/* Begin XCConfigurationList section */
		4212EDC72C56D9E300F30DD2 /* Build configuration list for PBXProject "AppLuk" */ = {
			isa = XCConfigurationList;
			buildConfigurations = (
				4212EDD82C56D9E600F30DD2 /* Debug */,
				4212EDD92C56D9E600F30DD2 /* Release */,
			);
			defaultConfigurationIsVisible = 0;
			defaultConfigurationName = Release;
		};
		4212EDDA2C56D9E600F30DD2 /* Build configuration list for PBXNativeTarget "AppLuk" */ = {
			isa = XCConfigurationList;
			buildConfigurations = (
				4212EDDB2C56D9E600F30DD2 /* Debug */,
				4212EDDC2C56D9E600F30DD2 /* Release */,
			);
			defaultConfigurationIsVisible = 0;
			defaultConfigurationName = Release;
		};
/* End XCConfigurationList section */

/* Begin XCRemoteSwiftPackageReference section */
		428AAAC12C5D304D006B6647 /* XCRemoteSwiftPackageReference "swift-markdown-ui" */ = {
			isa = XCRemoteSwiftPackageReference;
			repositoryURL = "https://github.com/gonzalezreal/swift-markdown-ui";
			requirement = {
				kind = upToNextMajorVersion;
				minimumVersion = 2.3.1;
			};
		};
		42B5974E2C6D507D00C37F66 /* XCRemoteSwiftPackageReference "firebase-ios-sdk" */ = {
			isa = XCRemoteSwiftPackageReference;
			repositoryURL = "https://github.com/firebase/firebase-ios-sdk";
			requirement = {
				kind = upToNextMajorVersion;
				minimumVersion = 11.0.0;
			};
		};
		42B597A62C6E40E300C37F66 /* XCRemoteSwiftPackageReference "swiftui-cached-async-image" */ = {
			isa = XCRemoteSwiftPackageReference;
			repositoryURL = "https://github.com/lorenzofiamingo/swiftui-cached-async-image";
			requirement = {
				kind = upToNextMajorVersion;
				minimumVersion = 2.1.1;
			};
		};
/* End XCRemoteSwiftPackageReference section */

/* Begin XCSwiftPackageProductDependency section */
		428AAAC22C5D304D006B6647 /* MarkdownUI */ = {
			isa = XCSwiftPackageProductDependency;
			package = 428AAAC12C5D304D006B6647 /* XCRemoteSwiftPackageReference "swift-markdown-ui" */;
			productName = MarkdownUI;
		};
		42B5974F2C6D507D00C37F66 /* FirebaseAuth */ = {
			isa = XCSwiftPackageProductDependency;
			package = 42B5974E2C6D507D00C37F66 /* XCRemoteSwiftPackageReference "firebase-ios-sdk" */;
			productName = FirebaseAuth;
		};
		42B597512C6D507D00C37F66 /* FirebaseFirestore */ = {
			isa = XCSwiftPackageProductDependency;
			package = 42B5974E2C6D507D00C37F66 /* XCRemoteSwiftPackageReference "firebase-ios-sdk" */;
			productName = FirebaseFirestore;
		};
		42B597A72C6E40E400C37F66 /* CachedAsyncImage */ = {
			isa = XCSwiftPackageProductDependency;
			package = 42B597A62C6E40E300C37F66 /* XCRemoteSwiftPackageReference "swiftui-cached-async-image" */;
			productName = CachedAsyncImage;
		};
		42B597BF2C6EE84C00C37F66 /* FirebaseStorage */ = {
			isa = XCSwiftPackageProductDependency;
			package = 42B5974E2C6D507D00C37F66 /* XCRemoteSwiftPackageReference "firebase-ios-sdk" */;
			productName = FirebaseStorage;
		};
/* End XCSwiftPackageProductDependency section */
	};
	rootObject = 4212EDC42C56D9E300F30DD2 /* Project object */;
}
