// !$*UTF8*$!
{
	archiveVersion = 1;
	classes = {
	};
	objectVersion = 56;
	objects = {

/* Begin PBXBuildFile section */
		4212EDD02C56D9E400F30DD2 /* AppLukApp.swift in Sources */ = {isa = PBXBuildFile; fileRef = 4212EDCF2C56D9E400F30DD2 /* AppLukApp.swift */; };
		4212EDD22C56D9E400F30DD2 /* ContentView.swift in Sources */ = {isa = PBXBuildFile; fileRef = 4212EDD12C56D9E400F30DD2 /* ContentView.swift */; };
		4212EDD42C56D9E500F30DD2 /* Assets.xcassets in Resources */ = {isa = PBXBuildFile; fileRef = 4212EDD32C56D9E500F30DD2 /* Assets.xcassets */; };
		4212EDD72C56D9E600F30DD2 /* Preview Assets.xcassets in Resources */ = {isa = PBXBuildFile; fileRef = 4212EDD62C56D9E600F30DD2 /* Preview Assets.xcassets */; };
		425307F02C7656B000CF16DA /* CommentsViewModel.swift in Sources */ = {isa = PBXBuildFile; fileRef = 425307EF2C7656B000CF16DA /* CommentsViewModel.swift */; };
		425307F22C76570300CF16DA /* Comment.swift in Sources */ = {isa = PBXBuildFile; fileRef = 425307F12C76570300CF16DA /* Comment.swift */; };
		425307F42C7665C900CF16DA /* CommentsView.swift in Sources */ = {isa = PBXBuildFile; fileRef = 425307F32C7665C900CF16DA /* CommentsView.swift */; };
		427631672C67A812005BF2CA /* KnowledgeView.swift in Sources */ = {isa = PBXBuildFile; fileRef = 427631662C67A812005BF2CA /* KnowledgeView.swift */; };
		4276316D2C6A506D005BF2CA /* CreateKnowledgeView.swift in Sources */ = {isa = PBXBuildFile; fileRef = 4276316C2C6A506D005BF2CA /* CreateKnowledgeView.swift */; };
		428AAAC32C5D304D006B6647 /* MarkdownUI in Frameworks */ = {isa = PBXBuildFile; productRef = 428AAAC22C5D304D006B6647 /* MarkdownUI */; };
		428AAAC52C5D3259006B6647 /* Knowledge.swift in Sources */ = {isa = PBXBuildFile; fileRef = 428AAAC42C5D3259006B6647 /* Knowledge.swift */; };
		42B5974B2C6B977200C37F66 /* CreateKnowledgeViewModel.swift in Sources */ = {isa = PBXBuildFile; fileRef = 42B5974A2C6B977200C37F66 /* CreateKnowledgeViewModel.swift */; };
		42B597502C6D507D00C37F66 /* FirebaseAuth in Frameworks */ = {isa = PBXBuildFile; productRef = 42B5974F2C6D507D00C37F66 /* FirebaseAuth */; };
		42B597522C6D507D00C37F66 /* FirebaseFirestore in Frameworks */ = {isa = PBXBuildFile; productRef = 42B597512C6D507D00C37F66 /* FirebaseFirestore */; };
		42B597A82C6E40E400C37F66 /* CachedAsyncImage in Frameworks */ = {isa = PBXBuildFile; productRef = 42B597A72C6E40E400C37F66 /* CachedAsyncImage */; };
		42B597C02C6EE84C00C37F66 /* FirebaseStorage in Frameworks */ = {isa = PBXBuildFile; productRef = 42B597BF2C6EE84C00C37F66 /* FirebaseStorage */; };
		42B597CE2C6EEF7500C37F66 /* GoogleService-Info.plist in Resources */ = {isa = PBXBuildFile; fileRef = 42B597CD2C6EEF7500C37F66 /* GoogleService-Info.plist */; };
		42B598092C6F7FE200C37F66 /* User.swift in Sources */ = {isa = PBXBuildFile; fileRef = 42B598082C6F7FE100C37F66 /* User.swift */; };
		42B598182C6FC93200C37F66 /* AuthenticationViewModel.swift in Sources */ = {isa = PBXBuildFile; fileRef = 42B598132C6FC93100C37F66 /* AuthenticationViewModel.swift */; };
		42B598192C6FC93200C37F66 /* LoginView.swift in Sources */ = {isa = PBXBuildFile; fileRef = 42B598142C6FC93100C37F66 /* LoginView.swift */; };
		42B5981A2C6FC93200C37F66 /* AuthenticatedView.swift in Sources */ = {isa = PBXBuildFile; fileRef = 42B598152C6FC93100C37F66 /* AuthenticatedView.swift */; };
		42B5981B2C6FC93200C37F66 /* SignupView.swift in Sources */ = {isa = PBXBuildFile; fileRef = 42B598162C6FC93100C37F66 /* SignupView.swift */; };
		42B5981C2C6FC93200C37F66 /* AuthenticationView.swift in Sources */ = {isa = PBXBuildFile; fileRef = 42B598172C6FC93200C37F66 /* AuthenticationView.swift */; };
		42B598342C70482900C37F66 /* DataStorageManager.swift in Sources */ = {isa = PBXBuildFile; fileRef = 42B5982D2C70482800C37F66 /* DataStorageManager.swift */; };
		42B5983E2C711B9100C37F66 /* ProfileViewModel.swift in Sources */ = {isa = PBXBuildFile; fileRef = 42B5983D2C711B9100C37F66 /* ProfileViewModel.swift */; };
		42B598422C726B6800C37F66 /* KnowledgeViewModel.swift in Sources */ = {isa = PBXBuildFile; fileRef = 42B598412C726B6800C37F66 /* KnowledgeViewModel.swift */; };
		42B598462C738A4A00C37F66 /* KnowledgeListView.swift in Sources */ = {isa = PBXBuildFile; fileRef = 42B598452C738A4A00C37F66 /* KnowledgeListView.swift */; };
		42B598482C73927500C37F66 /* Color+.swift in Sources */ = {isa = PBXBuildFile; fileRef = 42B598472C73927500C37F66 /* Color+.swift */; };
		42C6A8A22C80BD8200A28FAA /* SavedKnowledgeListView.swift in Sources */ = {isa = PBXBuildFile; fileRef = 42C6A8A12C80BD8100A28FAA /* SavedKnowledgeListView.swift */; };
		42C6A8A42C80C55D00A28FAA /* MainProfileView.swift in Sources */ = {isa = PBXBuildFile; fileRef = 42C6A8A32C80C55C00A28FAA /* MainProfileView.swift */; };
		42C6A8A62C81067400A28FAA /* SearchKnowledgeView.swift in Sources */ = {isa = PBXBuildFile; fileRef = 42C6A8A52C81067400A28FAA /* SearchKnowledgeView.swift */; };
		42C6A8A82C810AAF00A28FAA /* SearchKnowledgeViewModel.swift in Sources */ = {isa = PBXBuildFile; fileRef = 42C6A8A72C810AAF00A28FAA /* SearchKnowledgeViewModel.swift */; };
		42C6A8AA2C8162A900A28FAA /* SearchView.swift in Sources */ = {isa = PBXBuildFile; fileRef = 42C6A8A92C8162A900A28FAA /* SearchView.swift */; };
		42C6A8AC2C81FAB300A28FAA /* AddFriendView.swift in Sources */ = {isa = PBXBuildFile; fileRef = 42C6A8AB2C81FAB300A28FAA /* AddFriendView.swift */; };
		42C6A8AE2C81FBA200A28FAA /* AddFriendViewModel.swift in Sources */ = {isa = PBXBuildFile; fileRef = 42C6A8AD2C81FBA200A28FAA /* AddFriendViewModel.swift */; };
		42C6A8B02C825E4500A28FAA /* Comfortaa.ttf in Resources */ = {isa = PBXBuildFile; fileRef = 42C6A8AF2C825E3500A28FAA /* Comfortaa.ttf */; };
		42C6A8B32C828D1000A28FAA /* Comfortaa-SemiBold.ttf in Resources */ = {isa = PBXBuildFile; fileRef = 42C6A8B22C828D1000A28FAA /* Comfortaa-SemiBold.ttf */; };
		42C6A8B52C828F8100A28FAA /* Font+.swift in Sources */ = {isa = PBXBuildFile; fileRef = 42C6A8B42C828F8100A28FAA /* Font+.swift */; };
		42C6A8BC2C835E4000A28FAA /* WidgetKit.framework in Frameworks */ = {isa = PBXBuildFile; fileRef = 42C6A8BB2C835E4000A28FAA /* WidgetKit.framework */; };
		42C6A8BE2C835E4000A28FAA /* SwiftUI.framework in Frameworks */ = {isa = PBXBuildFile; fileRef = 42C6A8BD2C835E4000A28FAA /* SwiftUI.framework */; };
		42C6A8C12C835E4000A28FAA /* AppLukWidgetBundle.swift in Sources */ = {isa = PBXBuildFile; fileRef = 42C6A8C02C835E4000A28FAA /* AppLukWidgetBundle.swift */; };
		42C6A8C32C835E4000A28FAA /* AppLukWidget.swift in Sources */ = {isa = PBXBuildFile; fileRef = 42C6A8C22C835E4000A28FAA /* AppLukWidget.swift */; };
		42C6A8C52C835E4000A28FAA /* AppIntent.swift in Sources */ = {isa = PBXBuildFile; fileRef = 42C6A8C42C835E4000A28FAA /* AppIntent.swift */; };
		42C6A8C72C835E4300A28FAA /* Assets.xcassets in Resources */ = {isa = PBXBuildFile; fileRef = 42C6A8C62C835E4300A28FAA /* Assets.xcassets */; };
		42C6A8CB2C835E4300A28FAA /* AppLukWidgetExtension.appex in Embed Foundation Extensions */ = {isa = PBXBuildFile; fileRef = 42C6A8BA2C835E4000A28FAA /* AppLukWidgetExtension.appex */; settings = {ATTRIBUTES = (RemoveHeadersOnCopy, ); }; };
		42C6A8D12C83636800A28FAA /* Knowledge.swift in Sources */ = {isa = PBXBuildFile; fileRef = 428AAAC42C5D3259006B6647 /* Knowledge.swift */; };
		42C6A8D32C8365B200A28FAA /* FirebaseAuth in Frameworks */ = {isa = PBXBuildFile; productRef = 42C6A8D22C8365B200A28FAA /* FirebaseAuth */; };
		42C6A8D52C8365B200A28FAA /* FirebaseFirestore in Frameworks */ = {isa = PBXBuildFile; productRef = 42C6A8D42C8365B200A28FAA /* FirebaseFirestore */; };
		42C6A8D62C83776700A28FAA /* Color+.swift in Sources */ = {isa = PBXBuildFile; fileRef = 42B598472C73927500C37F66 /* Color+.swift */; };
		42C6A8D72C83779800A28FAA /* Assets.xcassets in Resources */ = {isa = PBXBuildFile; fileRef = 4212EDD32C56D9E500F30DD2 /* Assets.xcassets */; };
		42C6A8D82C8377BE00A28FAA /* Comfortaa.ttf in Resources */ = {isa = PBXBuildFile; fileRef = 42C6A8AF2C825E3500A28FAA /* Comfortaa.ttf */; };
		42C6A8D92C8377BE00A28FAA /* Comfortaa-SemiBold.ttf in Resources */ = {isa = PBXBuildFile; fileRef = 42C6A8B22C828D1000A28FAA /* Comfortaa-SemiBold.ttf */; };
		42C6A8DB2C8377C100A28FAA /* Font+.swift in Sources */ = {isa = PBXBuildFile; fileRef = 42C6A8B42C828F8100A28FAA /* Font+.swift */; };
		42C6A8E72C890DA200A28FAA /* GoogleService-Info.plist in Resources */ = {isa = PBXBuildFile; fileRef = 42B597CD2C6EEF7500C37F66 /* GoogleService-Info.plist */; };
		42C6A8E92C89102D00A28FAA /* Secrets.swift in Sources */ = {isa = PBXBuildFile; fileRef = 42C6A8E82C89102D00A28FAA /* Secrets.swift */; };
		42C6A8EA2C89109400A28FAA /* Secrets.swift in Sources */ = {isa = PBXBuildFile; fileRef = 42C6A8E82C89102D00A28FAA /* Secrets.swift */; };
		42C6A8EC2C89F3CC00A28FAA /* WidgetDataManager.swift in Sources */ = {isa = PBXBuildFile; fileRef = 42C6A8EB2C89F3CC00A28FAA /* WidgetDataManager.swift */; };
		42C6A8EE2C8B3E6800A28FAA /* FriendRequest.swift in Sources */ = {isa = PBXBuildFile; fileRef = 42C6A8ED2C8B3E6800A28FAA /* FriendRequest.swift */; };
		42C6A8F02C8B6DFD00A28FAA /* Image+.swift in Sources */ = {isa = PBXBuildFile; fileRef = 42C6A8EF2C8B6DFD00A28FAA /* Image+.swift */; };
		42C6A8F22C8CDA0400A28FAA /* UpdateProfileView.swift in Sources */ = {isa = PBXBuildFile; fileRef = 42C6A8F12C8CDA0300A28FAA /* UpdateProfileView.swift */; };
		42EDD2BB2C78EEA800D99EDE /* AsyncCachedImage.swift in Sources */ = {isa = PBXBuildFile; fileRef = 42EDD2BA2C78EEA800D99EDE /* AsyncCachedImage.swift */; };
/* End PBXBuildFile section */

/* Begin PBXContainerItemProxy section */
		42C6A8C92C835E4300A28FAA /* PBXContainerItemProxy */ = {
			isa = PBXContainerItemProxy;
			containerPortal = 4212EDC42C56D9E300F30DD2 /* Project object */;
			proxyType = 1;
			remoteGlobalIDString = 42C6A8B92C835E4000A28FAA;
			remoteInfo = AppLukWidgetExtension;
		};
/* End PBXContainerItemProxy section */

/* Begin PBXCopyFilesBuildPhase section */
		42C6A8CF2C835E4300A28FAA /* Embed Foundation Extensions */ = {
			isa = PBXCopyFilesBuildPhase;
			buildActionMask = 2147483647;
			dstPath = "";
			dstSubfolderSpec = 13;
			files = (
				42C6A8CB2C835E4300A28FAA /* AppLukWidgetExtension.appex in Embed Foundation Extensions */,
			);
			name = "Embed Foundation Extensions";
			runOnlyForDeploymentPostprocessing = 0;
		};
/* End PBXCopyFilesBuildPhase section */

/* Begin PBXFileReference section */
		4212EDCC2C56D9E400F30DD2 /* AppLuk.app */ = {isa = PBXFileReference; explicitFileType = wrapper.application; includeInIndex = 0; path = AppLuk.app; sourceTree = BUILT_PRODUCTS_DIR; };
		4212EDCF2C56D9E400F30DD2 /* AppLukApp.swift */ = {isa = PBXFileReference; lastKnownFileType = sourcecode.swift; path = AppLukApp.swift; sourceTree = "<group>"; };
		4212EDD12C56D9E400F30DD2 /* ContentView.swift */ = {isa = PBXFileReference; lastKnownFileType = sourcecode.swift; path = ContentView.swift; sourceTree = "<group>"; };
		4212EDD32C56D9E500F30DD2 /* Assets.xcassets */ = {isa = PBXFileReference; lastKnownFileType = folder.assetcatalog; path = Assets.xcassets; sourceTree = "<group>"; };
		4212EDD62C56D9E600F30DD2 /* Preview Assets.xcassets */ = {isa = PBXFileReference; lastKnownFileType = folder.assetcatalog; path = "Preview Assets.xcassets"; sourceTree = "<group>"; };
		425307EF2C7656B000CF16DA /* CommentsViewModel.swift */ = {isa = PBXFileReference; lastKnownFileType = sourcecode.swift; path = CommentsViewModel.swift; sourceTree = "<group>"; };
		425307F12C76570300CF16DA /* Comment.swift */ = {isa = PBXFileReference; lastKnownFileType = sourcecode.swift; path = Comment.swift; sourceTree = "<group>"; };
		425307F32C7665C900CF16DA /* CommentsView.swift */ = {isa = PBXFileReference; lastKnownFileType = sourcecode.swift; path = CommentsView.swift; sourceTree = "<group>"; };
		427631662C67A812005BF2CA /* KnowledgeView.swift */ = {isa = PBXFileReference; lastKnownFileType = sourcecode.swift; path = KnowledgeView.swift; sourceTree = "<group>"; };
		4276316C2C6A506D005BF2CA /* CreateKnowledgeView.swift */ = {isa = PBXFileReference; lastKnownFileType = sourcecode.swift; path = CreateKnowledgeView.swift; sourceTree = "<group>"; };
		428AAAC42C5D3259006B6647 /* Knowledge.swift */ = {isa = PBXFileReference; lastKnownFileType = sourcecode.swift; path = Knowledge.swift; sourceTree = "<group>"; };
		42B5974A2C6B977200C37F66 /* CreateKnowledgeViewModel.swift */ = {isa = PBXFileReference; lastKnownFileType = sourcecode.swift; path = CreateKnowledgeViewModel.swift; sourceTree = "<group>"; };
		42B597CD2C6EEF7500C37F66 /* GoogleService-Info.plist */ = {isa = PBXFileReference; fileEncoding = 4; lastKnownFileType = text.plist.xml; path = "GoogleService-Info.plist"; sourceTree = "<group>"; };
		42B598082C6F7FE100C37F66 /* User.swift */ = {isa = PBXFileReference; lastKnownFileType = sourcecode.swift; path = User.swift; sourceTree = "<group>"; };
		42B598132C6FC93100C37F66 /* AuthenticationViewModel.swift */ = {isa = PBXFileReference; fileEncoding = 4; lastKnownFileType = sourcecode.swift; path = AuthenticationViewModel.swift; sourceTree = "<group>"; };
		42B598142C6FC93100C37F66 /* LoginView.swift */ = {isa = PBXFileReference; fileEncoding = 4; lastKnownFileType = sourcecode.swift; path = LoginView.swift; sourceTree = "<group>"; };
		42B598152C6FC93100C37F66 /* AuthenticatedView.swift */ = {isa = PBXFileReference; fileEncoding = 4; lastKnownFileType = sourcecode.swift; path = AuthenticatedView.swift; sourceTree = "<group>"; };
		42B598162C6FC93100C37F66 /* SignupView.swift */ = {isa = PBXFileReference; fileEncoding = 4; lastKnownFileType = sourcecode.swift; path = SignupView.swift; sourceTree = "<group>"; };
		42B598172C6FC93200C37F66 /* AuthenticationView.swift */ = {isa = PBXFileReference; fileEncoding = 4; lastKnownFileType = sourcecode.swift; path = AuthenticationView.swift; sourceTree = "<group>"; };
		42B5982D2C70482800C37F66 /* DataStorageManager.swift */ = {isa = PBXFileReference; fileEncoding = 4; lastKnownFileType = sourcecode.swift; path = DataStorageManager.swift; sourceTree = "<group>"; };
		42B5983D2C711B9100C37F66 /* ProfileViewModel.swift */ = {isa = PBXFileReference; lastKnownFileType = sourcecode.swift; path = ProfileViewModel.swift; sourceTree = "<group>"; };
		42B598412C726B6800C37F66 /* KnowledgeViewModel.swift */ = {isa = PBXFileReference; lastKnownFileType = sourcecode.swift; path = KnowledgeViewModel.swift; sourceTree = "<group>"; };
		42B598452C738A4A00C37F66 /* KnowledgeListView.swift */ = {isa = PBXFileReference; lastKnownFileType = sourcecode.swift; path = KnowledgeListView.swift; sourceTree = "<group>"; };
		42B598472C73927500C37F66 /* Color+.swift */ = {isa = PBXFileReference; lastKnownFileType = sourcecode.swift; path = "Color+.swift"; sourceTree = "<group>"; };
		42C6A8A12C80BD8100A28FAA /* SavedKnowledgeListView.swift */ = {isa = PBXFileReference; lastKnownFileType = sourcecode.swift; path = SavedKnowledgeListView.swift; sourceTree = "<group>"; };
		42C6A8A32C80C55C00A28FAA /* MainProfileView.swift */ = {isa = PBXFileReference; lastKnownFileType = sourcecode.swift; path = MainProfileView.swift; sourceTree = "<group>"; };
		42C6A8A52C81067400A28FAA /* SearchKnowledgeView.swift */ = {isa = PBXFileReference; lastKnownFileType = sourcecode.swift; path = SearchKnowledgeView.swift; sourceTree = "<group>"; };
		42C6A8A72C810AAF00A28FAA /* SearchKnowledgeViewModel.swift */ = {isa = PBXFileReference; lastKnownFileType = sourcecode.swift; path = SearchKnowledgeViewModel.swift; sourceTree = "<group>"; };
		42C6A8A92C8162A900A28FAA /* SearchView.swift */ = {isa = PBXFileReference; lastKnownFileType = sourcecode.swift; path = SearchView.swift; sourceTree = "<group>"; };
		42C6A8AB2C81FAB300A28FAA /* AddFriendView.swift */ = {isa = PBXFileReference; lastKnownFileType = sourcecode.swift; path = AddFriendView.swift; sourceTree = "<group>"; };
		42C6A8AD2C81FBA200A28FAA /* AddFriendViewModel.swift */ = {isa = PBXFileReference; lastKnownFileType = sourcecode.swift; path = AddFriendViewModel.swift; sourceTree = "<group>"; };
		42C6A8AF2C825E3500A28FAA /* Comfortaa.ttf */ = {isa = PBXFileReference; lastKnownFileType = file; path = Comfortaa.ttf; sourceTree = "<group>"; };
		42C6A8B12C825EE000A28FAA /* Info.plist */ = {isa = PBXFileReference; lastKnownFileType = text.plist; path = Info.plist; sourceTree = "<group>"; };
		42C6A8B22C828D1000A28FAA /* Comfortaa-SemiBold.ttf */ = {isa = PBXFileReference; lastKnownFileType = file; path = "Comfortaa-SemiBold.ttf"; sourceTree = "<group>"; };
		42C6A8B42C828F8100A28FAA /* Font+.swift */ = {isa = PBXFileReference; lastKnownFileType = sourcecode.swift; path = "Font+.swift"; sourceTree = "<group>"; };
		42C6A8BA2C835E4000A28FAA /* AppLukWidgetExtension.appex */ = {isa = PBXFileReference; explicitFileType = "wrapper.app-extension"; includeInIndex = 0; path = AppLukWidgetExtension.appex; sourceTree = BUILT_PRODUCTS_DIR; };
		42C6A8BB2C835E4000A28FAA /* WidgetKit.framework */ = {isa = PBXFileReference; lastKnownFileType = wrapper.framework; name = WidgetKit.framework; path = System/Library/Frameworks/WidgetKit.framework; sourceTree = SDKROOT; };
		42C6A8BD2C835E4000A28FAA /* SwiftUI.framework */ = {isa = PBXFileReference; lastKnownFileType = wrapper.framework; name = SwiftUI.framework; path = System/Library/Frameworks/SwiftUI.framework; sourceTree = SDKROOT; };
		42C6A8C02C835E4000A28FAA /* AppLukWidgetBundle.swift */ = {isa = PBXFileReference; lastKnownFileType = sourcecode.swift; path = AppLukWidgetBundle.swift; sourceTree = "<group>"; };
		42C6A8C22C835E4000A28FAA /* AppLukWidget.swift */ = {isa = PBXFileReference; lastKnownFileType = sourcecode.swift; path = AppLukWidget.swift; sourceTree = "<group>"; };
		42C6A8C42C835E4000A28FAA /* AppIntent.swift */ = {isa = PBXFileReference; lastKnownFileType = sourcecode.swift; path = AppIntent.swift; sourceTree = "<group>"; };
		42C6A8C62C835E4300A28FAA /* Assets.xcassets */ = {isa = PBXFileReference; lastKnownFileType = folder.assetcatalog; path = Assets.xcassets; sourceTree = "<group>"; };
		42C6A8C82C835E4300A28FAA /* Info.plist */ = {isa = PBXFileReference; lastKnownFileType = text.plist.xml; path = Info.plist; sourceTree = "<group>"; };
		42C6A8E52C890B7D00A28FAA /* AppLuk.entitlements */ = {isa = PBXFileReference; lastKnownFileType = text.plist.entitlements; path = AppLuk.entitlements; sourceTree = "<group>"; };
		42C6A8E62C890B9100A28FAA /* AppLukWidgetExtension.entitlements */ = {isa = PBXFileReference; lastKnownFileType = text.plist.entitlements; path = AppLukWidgetExtension.entitlements; sourceTree = "<group>"; };
		42C6A8E82C89102D00A28FAA /* Secrets.swift */ = {isa = PBXFileReference; lastKnownFileType = sourcecode.swift; path = Secrets.swift; sourceTree = "<group>"; };
		42C6A8EB2C89F3CC00A28FAA /* WidgetDataManager.swift */ = {isa = PBXFileReference; lastKnownFileType = sourcecode.swift; path = WidgetDataManager.swift; sourceTree = "<group>"; };
		42C6A8ED2C8B3E6800A28FAA /* FriendRequest.swift */ = {isa = PBXFileReference; lastKnownFileType = sourcecode.swift; path = FriendRequest.swift; sourceTree = "<group>"; };
		42C6A8EF2C8B6DFD00A28FAA /* Image+.swift */ = {isa = PBXFileReference; lastKnownFileType = sourcecode.swift; path = "Image+.swift"; sourceTree = "<group>"; };
		42C6A8F12C8CDA0300A28FAA /* UpdateProfileView.swift */ = {isa = PBXFileReference; lastKnownFileType = sourcecode.swift; path = UpdateProfileView.swift; sourceTree = "<group>"; };
		42EDD2BA2C78EEA800D99EDE /* AsyncCachedImage.swift */ = {isa = PBXFileReference; lastKnownFileType = sourcecode.swift; path = AsyncCachedImage.swift; sourceTree = "<group>"; };
/* End PBXFileReference section */

/* Begin PBXFrameworksBuildPhase section */
		4212EDC92C56D9E400F30DD2 /* Frameworks */ = {
			isa = PBXFrameworksBuildPhase;
			buildActionMask = 2147483647;
			files = (
				42B597A82C6E40E400C37F66 /* CachedAsyncImage in Frameworks */,
				428AAAC32C5D304D006B6647 /* MarkdownUI in Frameworks */,
				42B597502C6D507D00C37F66 /* FirebaseAuth in Frameworks */,
				42B597C02C6EE84C00C37F66 /* FirebaseStorage in Frameworks */,
				42B597522C6D507D00C37F66 /* FirebaseFirestore in Frameworks */,
			);
			runOnlyForDeploymentPostprocessing = 0;
		};
		42C6A8B72C835E4000A28FAA /* Frameworks */ = {
			isa = PBXFrameworksBuildPhase;
			buildActionMask = 2147483647;
			files = (
				42C6A8BE2C835E4000A28FAA /* SwiftUI.framework in Frameworks */,
				42C6A8D52C8365B200A28FAA /* FirebaseFirestore in Frameworks */,
				42C6A8D32C8365B200A28FAA /* FirebaseAuth in Frameworks */,
				42C6A8BC2C835E4000A28FAA /* WidgetKit.framework in Frameworks */,
			);
			runOnlyForDeploymentPostprocessing = 0;
		};
/* End PBXFrameworksBuildPhase section */

/* Begin PBXGroup section */
		4212EDC32C56D9E300F30DD2 = {
			isa = PBXGroup;
			children = (
				4212EDCE2C56D9E400F30DD2 /* AppLuk */,
				42C6A8BF2C835E4000A28FAA /* AppLukWidget */,
				42C6A8E62C890B9100A28FAA /* AppLukWidgetExtension.entitlements */,
				4212EDCD2C56D9E400F30DD2 /* Products */,
				42B597BE2C6EE84C00C37F66 /* Frameworks */,
			);
			sourceTree = "<group>";
		};
		4212EDCD2C56D9E400F30DD2 /* Products */ = {
			isa = PBXGroup;
			children = (
				4212EDCC2C56D9E400F30DD2 /* AppLuk.app */,
				42C6A8BA2C835E4000A28FAA /* AppLukWidgetExtension.appex */,
			);
			name = Products;
			sourceTree = "<group>";
		};
		4212EDCE2C56D9E400F30DD2 /* AppLuk */ = {
			isa = PBXGroup;
			children = (
				42C6A8E52C890B7D00A28FAA /* AppLuk.entitlements */,
				42C6A8B12C825EE000A28FAA /* Info.plist */,
				42B597CD2C6EEF7500C37F66 /* GoogleService-Info.plist */,
				4212EDCF2C56D9E400F30DD2 /* AppLukApp.swift */,
				42C6A8E82C89102D00A28FAA /* Secrets.swift */,
				4212EDD12C56D9E400F30DD2 /* ContentView.swift */,
				42C6A8F32C8E4FD200A28FAA /* Extensions */,
				42C6A8F42C8E4FE400A28FAA /* Views */,
				42B5982D2C70482800C37F66 /* DataStorageManager.swift */,
				42C6A8F52C8E502200A28FAA /* Model */,
				42C6A8F62C8E503B00A28FAA /* ViewModel */,
				42B598122C6FC92600C37F66 /* Auth */,
				42B597832C6D828400C37F66 /* Posts */,
				4212EDD32C56D9E500F30DD2 /* Assets.xcassets */,
				4212EDD52C56D9E600F30DD2 /* Preview Content */,
			);
			path = AppLuk;
			sourceTree = "<group>";
		};
		4212EDD52C56D9E600F30DD2 /* Preview Content */ = {
			isa = PBXGroup;
			children = (
				4212EDD62C56D9E600F30DD2 /* Preview Assets.xcassets */,
			);
			path = "Preview Content";
			sourceTree = "<group>";
		};
		42B597832C6D828400C37F66 /* Posts */ = {
			isa = PBXGroup;
			children = (
			);
			path = Posts;
			sourceTree = "<group>";
		};
		42B597BE2C6EE84C00C37F66 /* Frameworks */ = {
			isa = PBXGroup;
			children = (
				42C6A8BB2C835E4000A28FAA /* WidgetKit.framework */,
				42C6A8BD2C835E4000A28FAA /* SwiftUI.framework */,
			);
			name = Frameworks;
			sourceTree = "<group>";
		};
		42B598122C6FC92600C37F66 /* Auth */ = {
			isa = PBXGroup;
			children = (
				42B598152C6FC93100C37F66 /* AuthenticatedView.swift */,
				42B598172C6FC93200C37F66 /* AuthenticationView.swift */,
				42B598132C6FC93100C37F66 /* AuthenticationViewModel.swift */,
				42B598142C6FC93100C37F66 /* LoginView.swift */,
				42B598162C6FC93100C37F66 /* SignupView.swift */,
			);
			path = Auth;
			sourceTree = "<group>";
		};
		42C6A8BF2C835E4000A28FAA /* AppLukWidget */ = {
			isa = PBXGroup;
			children = (
				42C6A8C02C835E4000A28FAA /* AppLukWidgetBundle.swift */,
				42C6A8EB2C89F3CC00A28FAA /* WidgetDataManager.swift */,
				42C6A8C22C835E4000A28FAA /* AppLukWidget.swift */,
				42C6A8C42C835E4000A28FAA /* AppIntent.swift */,
				42C6A8C62C835E4300A28FAA /* Assets.xcassets */,
				42C6A8C82C835E4300A28FAA /* Info.plist */,
			);
			path = AppLukWidget;
			sourceTree = "<group>";
		};
		42C6A8F32C8E4FD200A28FAA /* Extensions */ = {
			isa = PBXGroup;
			children = (
				42C6A8AF2C825E3500A28FAA /* Comfortaa.ttf */,
				42C6A8B22C828D1000A28FAA /* Comfortaa-SemiBold.ttf */,
				42EDD2BA2C78EEA800D99EDE /* AsyncCachedImage.swift */,
				42C6A8B42C828F8100A28FAA /* Font+.swift */,
				42B598472C73927500C37F66 /* Color+.swift */,
				42C6A8EF2C8B6DFD00A28FAA /* Image+.swift */,
			);
			path = Extensions;
			sourceTree = "<group>";
		};
		42C6A8F42C8E4FE400A28FAA /* Views */ = {
			isa = PBXGroup;
			children = (
				42C6A8A32C80C55C00A28FAA /* MainProfileView.swift */,
				42C6A8A52C81067400A28FAA /* SearchKnowledgeView.swift */,
				42C6A8F12C8CDA0300A28FAA /* UpdateProfileView.swift */,
				42C6A8A92C8162A900A28FAA /* SearchView.swift */,
				42C6A8AB2C81FAB300A28FAA /* AddFriendView.swift */,
				42B598452C738A4A00C37F66 /* KnowledgeListView.swift */,
				427631662C67A812005BF2CA /* KnowledgeView.swift */,
				42C6A8A12C80BD8100A28FAA /* SavedKnowledgeListView.swift */,
				425307F32C7665C900CF16DA /* CommentsView.swift */,
				4276316C2C6A506D005BF2CA /* CreateKnowledgeView.swift */,
			);
			path = Views;
			sourceTree = "<group>";
		};
		42C6A8F52C8E502200A28FAA /* Model */ = {
			isa = PBXGroup;
			children = (
				42C6A8ED2C8B3E6800A28FAA /* FriendRequest.swift */,
				42B598082C6F7FE100C37F66 /* User.swift */,
				425307F12C76570300CF16DA /* Comment.swift */,
				428AAAC42C5D3259006B6647 /* Knowledge.swift */,
			);
			path = Model;
			sourceTree = "<group>";
		};
		42C6A8F62C8E503B00A28FAA /* ViewModel */ = {
			isa = PBXGroup;
			children = (
				42C6A8AD2C81FBA200A28FAA /* AddFriendViewModel.swift */,
				42B5983D2C711B9100C37F66 /* ProfileViewModel.swift */,
				42C6A8A72C810AAF00A28FAA /* SearchKnowledgeViewModel.swift */,
				425307EF2C7656B000CF16DA /* CommentsViewModel.swift */,
				42B598412C726B6800C37F66 /* KnowledgeViewModel.swift */,
				42B5974A2C6B977200C37F66 /* CreateKnowledgeViewModel.swift */,
			);
			path = ViewModel;
			sourceTree = "<group>";
		};
/* End PBXGroup section */

/* Begin PBXNativeTarget section */
		4212EDCB2C56D9E400F30DD2 /* AppLuk */ = {
			isa = PBXNativeTarget;
			buildConfigurationList = 4212EDDA2C56D9E600F30DD2 /* Build configuration list for PBXNativeTarget "AppLuk" */;
			buildPhases = (
				4212EDC82C56D9E400F30DD2 /* Sources */,
				4212EDC92C56D9E400F30DD2 /* Frameworks */,
				4212EDCA2C56D9E400F30DD2 /* Resources */,
				42C6A8CF2C835E4300A28FAA /* Embed Foundation Extensions */,
			);
			buildRules = (
			);
			dependencies = (
				42C6A8CA2C835E4300A28FAA /* PBXTargetDependency */,
			);
			name = AppLuk;
			packageProductDependencies = (
				428AAAC22C5D304D006B6647 /* MarkdownUI */,
				42B5974F2C6D507D00C37F66 /* FirebaseAuth */,
				42B597512C6D507D00C37F66 /* FirebaseFirestore */,
				42B597A72C6E40E400C37F66 /* CachedAsyncImage */,
				42B597BF2C6EE84C00C37F66 /* FirebaseStorage */,
			);
			productName = AppLuk;
			productReference = 4212EDCC2C56D9E400F30DD2 /* AppLuk.app */;
			productType = "com.apple.product-type.application";
		};
		42C6A8B92C835E4000A28FAA /* AppLukWidgetExtension */ = {
			isa = PBXNativeTarget;
			buildConfigurationList = 42C6A8CC2C835E4300A28FAA /* Build configuration list for PBXNativeTarget "AppLukWidgetExtension" */;
			buildPhases = (
				42C6A8B62C835E4000A28FAA /* Sources */,
				42C6A8B72C835E4000A28FAA /* Frameworks */,
				42C6A8B82C835E4000A28FAA /* Resources */,
			);
			buildRules = (
			);
			dependencies = (
			);
			name = AppLukWidgetExtension;
			packageProductDependencies = (
				42C6A8D22C8365B200A28FAA /* FirebaseAuth */,
				42C6A8D42C8365B200A28FAA /* FirebaseFirestore */,
			);
			productName = AppLukWidgetExtension;
			productReference = 42C6A8BA2C835E4000A28FAA /* AppLukWidgetExtension.appex */;
			productType = "com.apple.product-type.app-extension";
		};
/* End PBXNativeTarget section */

/* Begin PBXProject section */
		4212EDC42C56D9E300F30DD2 /* Project object */ = {
			isa = PBXProject;
			attributes = {
				BuildIndependentTargetsInParallel = 1;
				LastSwiftUpdateCheck = 1520;
				LastUpgradeCheck = 1520;
				TargetAttributes = {
					4212EDCB2C56D9E400F30DD2 = {
						CreatedOnToolsVersion = 15.2;
					};
					42C6A8B92C835E4000A28FAA = {
						CreatedOnToolsVersion = 15.2;
					};
				};
			};
			buildConfigurationList = 4212EDC72C56D9E300F30DD2 /* Build configuration list for PBXProject "AppLuk" */;
			compatibilityVersion = "Xcode 14.0";
			developmentRegion = en;
			hasScannedForEncodings = 0;
			knownRegions = (
				en,
				Base,
			);
			mainGroup = 4212EDC32C56D9E300F30DD2;
			packageReferences = (
				428AAAC12C5D304D006B6647 /* XCRemoteSwiftPackageReference "swift-markdown-ui" */,
				42B5974E2C6D507D00C37F66 /* XCRemoteSwiftPackageReference "firebase-ios-sdk" */,
				42B597A62C6E40E300C37F66 /* XCRemoteSwiftPackageReference "swiftui-cached-async-image" */,
			);
			productRefGroup = 4212EDCD2C56D9E400F30DD2 /* Products */;
			projectDirPath = "";
			projectRoot = "";
			targets = (
				4212EDCB2C56D9E400F30DD2 /* AppLuk */,
				42C6A8B92C835E4000A28FAA /* AppLukWidgetExtension */,
			);
		};
/* End PBXProject section */

/* Begin PBXResourcesBuildPhase section */
		4212EDCA2C56D9E400F30DD2 /* Resources */ = {
			isa = PBXResourcesBuildPhase;
			buildActionMask = 2147483647;
			files = (
				42C6A8B32C828D1000A28FAA /* Comfortaa-SemiBold.ttf in Resources */,
				4212EDD72C56D9E600F30DD2 /* Preview Assets.xcassets in Resources */,
				42C6A8B02C825E4500A28FAA /* Comfortaa.ttf in Resources */,
				4212EDD42C56D9E500F30DD2 /* Assets.xcassets in Resources */,
				42B597CE2C6EEF7500C37F66 /* GoogleService-Info.plist in Resources */,
			);
			runOnlyForDeploymentPostprocessing = 0;
		};
		42C6A8B82C835E4000A28FAA /* Resources */ = {
			isa = PBXResourcesBuildPhase;
			buildActionMask = 2147483647;
			files = (
				42C6A8D72C83779800A28FAA /* Assets.xcassets in Resources */,
				42C6A8D82C8377BE00A28FAA /* Comfortaa.ttf in Resources */,
				42C6A8E72C890DA200A28FAA /* GoogleService-Info.plist in Resources */,
				42C6A8D92C8377BE00A28FAA /* Comfortaa-SemiBold.ttf in Resources */,
				42C6A8C72C835E4300A28FAA /* Assets.xcassets in Resources */,
			);
			runOnlyForDeploymentPostprocessing = 0;
		};
/* End PBXResourcesBuildPhase section */

/* Begin PBXSourcesBuildPhase section */
		4212EDC82C56D9E400F30DD2 /* Sources */ = {
			isa = PBXSourcesBuildPhase;
			buildActionMask = 2147483647;
			files = (
				42C6A8AE2C81FBA200A28FAA /* AddFriendViewModel.swift in Sources */,
				42C6A8E92C89102D00A28FAA /* Secrets.swift in Sources */,
				42B598182C6FC93200C37F66 /* AuthenticationViewModel.swift in Sources */,
				4212EDD22C56D9E400F30DD2 /* ContentView.swift in Sources */,
				427631672C67A812005BF2CA /* KnowledgeView.swift in Sources */,
				42C6A8EC2C89F3CC00A28FAA /* WidgetDataManager.swift in Sources */,
				425307F22C76570300CF16DA /* Comment.swift in Sources */,
				42B598422C726B6800C37F66 /* KnowledgeViewModel.swift in Sources */,
				42C6A8A62C81067400A28FAA /* SearchKnowledgeView.swift in Sources */,
				4212EDD02C56D9E400F30DD2 /* AppLukApp.swift in Sources */,
				42C6A8F02C8B6DFD00A28FAA /* Image+.swift in Sources */,
				4276316D2C6A506D005BF2CA /* CreateKnowledgeView.swift in Sources */,
				42C6A8AA2C8162A900A28FAA /* SearchView.swift in Sources */,
				42C6A8AC2C81FAB300A28FAA /* AddFriendView.swift in Sources */,
				42B5981B2C6FC93200C37F66 /* SignupView.swift in Sources */,
				42B5974B2C6B977200C37F66 /* CreateKnowledgeViewModel.swift in Sources */,
				42C6A8EE2C8B3E6800A28FAA /* FriendRequest.swift in Sources */,
				42B5981A2C6FC93200C37F66 /* AuthenticatedView.swift in Sources */,
				42C6A8A42C80C55D00A28FAA /* MainProfileView.swift in Sources */,
				42B598192C6FC93200C37F66 /* LoginView.swift in Sources */,
				42C6A8A82C810AAF00A28FAA /* SearchKnowledgeViewModel.swift in Sources */,
				428AAAC52C5D3259006B6647 /* Knowledge.swift in Sources */,
				425307F02C7656B000CF16DA /* CommentsViewModel.swift in Sources */,
				42B598342C70482900C37F66 /* DataStorageManager.swift in Sources */,
				42B5981C2C6FC93200C37F66 /* AuthenticationView.swift in Sources */,
				42B598092C6F7FE200C37F66 /* User.swift in Sources */,
				42C6A8B52C828F8100A28FAA /* Font+.swift in Sources */,
				42B5983E2C711B9100C37F66 /* ProfileViewModel.swift in Sources */,
				42B598482C73927500C37F66 /* Color+.swift in Sources */,
				42C6A8A22C80BD8200A28FAA /* SavedKnowledgeListView.swift in Sources */,
				42B598462C738A4A00C37F66 /* KnowledgeListView.swift in Sources */,
				42C6A8F22C8CDA0400A28FAA /* UpdateProfileView.swift in Sources */,
				42EDD2BB2C78EEA800D99EDE /* AsyncCachedImage.swift in Sources */,
				425307F42C7665C900CF16DA /* CommentsView.swift in Sources */,
			);
			runOnlyForDeploymentPostprocessing = 0;
		};
		42C6A8B62C835E4000A28FAA /* Sources */ = {
			isa = PBXSourcesBuildPhase;
			buildActionMask = 2147483647;
			files = (
				42C6A8C32C835E4000A28FAA /* AppLukWidget.swift in Sources */,
				42C6A8DB2C8377C100A28FAA /* Font+.swift in Sources */,
				42C6A8EA2C89109400A28FAA /* Secrets.swift in Sources */,
				42C6A8D62C83776700A28FAA /* Color+.swift in Sources */,
				42C6A8C12C835E4000A28FAA /* AppLukWidgetBundle.swift in Sources */,
				42C6A8C52C835E4000A28FAA /* AppIntent.swift in Sources */,
				42C6A8D12C83636800A28FAA /* Knowledge.swift in Sources */,
			);
			runOnlyForDeploymentPostprocessing = 0;
		};
/* End PBXSourcesBuildPhase section */

/* Begin PBXTargetDependency section */
		42C6A8CA2C835E4300A28FAA /* PBXTargetDependency */ = {
			isa = PBXTargetDependency;
			target = 42C6A8B92C835E4000A28FAA /* AppLukWidgetExtension */;
			targetProxy = 42C6A8C92C835E4300A28FAA /* PBXContainerItemProxy */;
		};
/* End PBXTargetDependency section */

/* Begin XCBuildConfiguration section */
		4212EDD82C56D9E600F30DD2 /* Debug */ = {
			isa = XCBuildConfiguration;
			buildSettings = {
				ALWAYS_SEARCH_USER_PATHS = NO;
				ASSETCATALOG_COMPILER_GENERATE_SWIFT_ASSET_SYMBOL_EXTENSIONS = YES;
				CLANG_ANALYZER_NONNULL = YES;
				CLANG_ANALYZER_NUMBER_OBJECT_CONVERSION = YES_AGGRESSIVE;
				CLANG_CXX_LANGUAGE_STANDARD = "gnu++20";
				CLANG_ENABLE_MODULES = YES;
				CLANG_ENABLE_OBJC_ARC = YES;
				CLANG_ENABLE_OBJC_WEAK = YES;
				CLANG_WARN_BLOCK_CAPTURE_AUTORELEASING = YES;
				CLANG_WARN_BOOL_CONVERSION = YES;
				CLANG_WARN_COMMA = YES;
				CLANG_WARN_CONSTANT_CONVERSION = YES;
				CLANG_WARN_DEPRECATED_OBJC_IMPLEMENTATIONS = YES;
				CLANG_WARN_DIRECT_OBJC_ISA_USAGE = YES_ERROR;
				CLANG_WARN_DOCUMENTATION_COMMENTS = YES;
				CLANG_WARN_EMPTY_BODY = YES;
				CLANG_WARN_ENUM_CONVERSION = YES;
				CLANG_WARN_INFINITE_RECURSION = YES;
				CLANG_WARN_INT_CONVERSION = YES;
				CLANG_WARN_NON_LITERAL_NULL_CONVERSION = YES;
				CLANG_WARN_OBJC_IMPLICIT_RETAIN_SELF = YES;
				CLANG_WARN_OBJC_LITERAL_CONVERSION = YES;
				CLANG_WARN_OBJC_ROOT_CLASS = YES_ERROR;
				CLANG_WARN_QUOTED_INCLUDE_IN_FRAMEWORK_HEADER = YES;
				CLANG_WARN_RANGE_LOOP_ANALYSIS = YES;
				CLANG_WARN_STRICT_PROTOTYPES = YES;
				CLANG_WARN_SUSPICIOUS_MOVE = YES;
				CLANG_WARN_UNGUARDED_AVAILABILITY = YES_AGGRESSIVE;
				CLANG_WARN_UNREACHABLE_CODE = YES;
				CLANG_WARN__DUPLICATE_METHOD_MATCH = YES;
				COPY_PHASE_STRIP = NO;
				DEBUG_INFORMATION_FORMAT = dwarf;
				ENABLE_STRICT_OBJC_MSGSEND = YES;
				ENABLE_TESTABILITY = YES;
				ENABLE_USER_SCRIPT_SANDBOXING = YES;
				GCC_C_LANGUAGE_STANDARD = gnu17;
				GCC_DYNAMIC_NO_PIC = NO;
				GCC_NO_COMMON_BLOCKS = YES;
				GCC_OPTIMIZATION_LEVEL = 0;
				GCC_PREPROCESSOR_DEFINITIONS = (
					"DEBUG=1",
					"$(inherited)",
				);
				GCC_WARN_64_TO_32_BIT_CONVERSION = YES;
				GCC_WARN_ABOUT_RETURN_TYPE = YES_ERROR;
				GCC_WARN_UNDECLARED_SELECTOR = YES;
				GCC_WARN_UNINITIALIZED_AUTOS = YES_AGGRESSIVE;
				GCC_WARN_UNUSED_FUNCTION = YES;
				GCC_WARN_UNUSED_VARIABLE = YES;
				IPHONEOS_DEPLOYMENT_TARGET = 17.0;
				LOCALIZATION_PREFERS_STRING_CATALOGS = YES;
				MTL_ENABLE_DEBUG_INFO = INCLUDE_SOURCE;
				MTL_FAST_MATH = YES;
				ONLY_ACTIVE_ARCH = YES;
				SDKROOT = iphoneos;
				SWIFT_ACTIVE_COMPILATION_CONDITIONS = "DEBUG $(inherited)";
				SWIFT_OPTIMIZATION_LEVEL = "-Onone";
			};
			name = Debug;
		};
		4212EDD92C56D9E600F30DD2 /* Release */ = {
			isa = XCBuildConfiguration;
			buildSettings = {
				ALWAYS_SEARCH_USER_PATHS = NO;
				ASSETCATALOG_COMPILER_GENERATE_SWIFT_ASSET_SYMBOL_EXTENSIONS = YES;
				CLANG_ANALYZER_NONNULL = YES;
				CLANG_ANALYZER_NUMBER_OBJECT_CONVERSION = YES_AGGRESSIVE;
				CLANG_CXX_LANGUAGE_STANDARD = "gnu++20";
				CLANG_ENABLE_MODULES = YES;
				CLANG_ENABLE_OBJC_ARC = YES;
				CLANG_ENABLE_OBJC_WEAK = YES;
				CLANG_WARN_BLOCK_CAPTURE_AUTORELEASING = YES;
				CLANG_WARN_BOOL_CONVERSION = YES;
				CLANG_WARN_COMMA = YES;
				CLANG_WARN_CONSTANT_CONVERSION = YES;
				CLANG_WARN_DEPRECATED_OBJC_IMPLEMENTATIONS = YES;
				CLANG_WARN_DIRECT_OBJC_ISA_USAGE = YES_ERROR;
				CLANG_WARN_DOCUMENTATION_COMMENTS = YES;
				CLANG_WARN_EMPTY_BODY = YES;
				CLANG_WARN_ENUM_CONVERSION = YES;
				CLANG_WARN_INFINITE_RECURSION = YES;
				CLANG_WARN_INT_CONVERSION = YES;
				CLANG_WARN_NON_LITERAL_NULL_CONVERSION = YES;
				CLANG_WARN_OBJC_IMPLICIT_RETAIN_SELF = YES;
				CLANG_WARN_OBJC_LITERAL_CONVERSION = YES;
				CLANG_WARN_OBJC_ROOT_CLASS = YES_ERROR;
				CLANG_WARN_QUOTED_INCLUDE_IN_FRAMEWORK_HEADER = YES;
				CLANG_WARN_RANGE_LOOP_ANALYSIS = YES;
				CLANG_WARN_STRICT_PROTOTYPES = YES;
				CLANG_WARN_SUSPICIOUS_MOVE = YES;
				CLANG_WARN_UNGUARDED_AVAILABILITY = YES_AGGRESSIVE;
				CLANG_WARN_UNREACHABLE_CODE = YES;
				CLANG_WARN__DUPLICATE_METHOD_MATCH = YES;
				COPY_PHASE_STRIP = NO;
				DEBUG_INFORMATION_FORMAT = "dwarf-with-dsym";
				ENABLE_NS_ASSERTIONS = NO;
				ENABLE_STRICT_OBJC_MSGSEND = YES;
				ENABLE_USER_SCRIPT_SANDBOXING = YES;
				GCC_C_LANGUAGE_STANDARD = gnu17;
				GCC_NO_COMMON_BLOCKS = YES;
				GCC_WARN_64_TO_32_BIT_CONVERSION = YES;
				GCC_WARN_ABOUT_RETURN_TYPE = YES_ERROR;
				GCC_WARN_UNDECLARED_SELECTOR = YES;
				GCC_WARN_UNINITIALIZED_AUTOS = YES_AGGRESSIVE;
				GCC_WARN_UNUSED_FUNCTION = YES;
				GCC_WARN_UNUSED_VARIABLE = YES;
				IPHONEOS_DEPLOYMENT_TARGET = 17.0;
				LOCALIZATION_PREFERS_STRING_CATALOGS = YES;
				MTL_ENABLE_DEBUG_INFO = NO;
				MTL_FAST_MATH = YES;
				SDKROOT = iphoneos;
				SWIFT_COMPILATION_MODE = wholemodule;
				VALIDATE_PRODUCT = YES;
			};
			name = Release;
		};
		4212EDDB2C56D9E600F30DD2 /* Debug */ = {
			isa = XCBuildConfiguration;
			buildSettings = {
				ALWAYS_EMBED_SWIFT_STANDARD_LIBRARIES = YES;
				ASSETCATALOG_COMPILER_APPICON_NAME = AppIcon;
				ASSETCATALOG_COMPILER_GLOBAL_ACCENT_COLOR_NAME = AccentColor;
				CODE_SIGN_ENTITLEMENTS = AppLuk/AppLuk.entitlements;
				CODE_SIGN_STYLE = Automatic;
				CURRENT_PROJECT_VERSION = 1;
				DEVELOPMENT_ASSET_PATHS = "\"AppLuk/Preview Content\"";
				DEVELOPMENT_TEAM = T76274KP97;
				ENABLE_PREVIEWS = YES;
				GENERATE_INFOPLIST_FILE = YES;
				INFOPLIST_FILE = AppLuk/Info.plist;
				INFOPLIST_KEY_NSCameraUsageDescription = "For avatar";
				INFOPLIST_KEY_NSPhotoLibraryUsageDescription = "For avatar";
				INFOPLIST_KEY_UIApplicationSceneManifest_Generation = YES;
				INFOPLIST_KEY_UIApplicationSupportsIndirectInputEvents = YES;
				INFOPLIST_KEY_UILaunchScreen_Generation = YES;
				INFOPLIST_KEY_UISupportedInterfaceOrientations_iPad = "UIInterfaceOrientationPortrait UIInterfaceOrientationPortraitUpsideDown UIInterfaceOrientationLandscapeLeft UIInterfaceOrientationLandscapeRight";
				INFOPLIST_KEY_UISupportedInterfaceOrientations_iPhone = "UIInterfaceOrientationPortrait UIInterfaceOrientationLandscapeLeft UIInterfaceOrientationLandscapeRight";
				LD_RUNPATH_SEARCH_PATHS = (
					"$(inherited)",
					"@executable_path/Frameworks",
				);
				MARKETING_VERSION = 1.0;
				PRODUCT_BUNDLE_IDENTIFIER = com.khang.nguyen.AppLuk;
				PRODUCT_NAME = "$(TARGET_NAME)";
				SWIFT_EMIT_LOC_STRINGS = YES;
				SWIFT_VERSION = 5.0;
				TARGETED_DEVICE_FAMILY = "1,2";
			};
			name = Debug;
		};
		4212EDDC2C56D9E600F30DD2 /* Release */ = {
			isa = XCBuildConfiguration;
			buildSettings = {
				ALWAYS_EMBED_SWIFT_STANDARD_LIBRARIES = YES;
				ASSETCATALOG_COMPILER_APPICON_NAME = AppIcon;
				ASSETCATALOG_COMPILER_GLOBAL_ACCENT_COLOR_NAME = AccentColor;
				CODE_SIGN_ENTITLEMENTS = AppLuk/AppLuk.entitlements;
				CODE_SIGN_STYLE = Automatic;
				CURRENT_PROJECT_VERSION = 1;
				DEVELOPMENT_ASSET_PATHS = "\"AppLuk/Preview Content\"";
				DEVELOPMENT_TEAM = T76274KP97;
				ENABLE_PREVIEWS = YES;
				GENERATE_INFOPLIST_FILE = YES;
				INFOPLIST_FILE = AppLuk/Info.plist;
				INFOPLIST_KEY_NSCameraUsageDescription = "For avatar";
				INFOPLIST_KEY_NSPhotoLibraryUsageDescription = "For avatar";
				INFOPLIST_KEY_UIApplicationSceneManifest_Generation = YES;
				INFOPLIST_KEY_UIApplicationSupportsIndirectInputEvents = YES;
				INFOPLIST_KEY_UILaunchScreen_Generation = YES;
				INFOPLIST_KEY_UISupportedInterfaceOrientations_iPad = "UIInterfaceOrientationPortrait UIInterfaceOrientationPortraitUpsideDown UIInterfaceOrientationLandscapeLeft UIInterfaceOrientationLandscapeRight";
				INFOPLIST_KEY_UISupportedInterfaceOrientations_iPhone = "UIInterfaceOrientationPortrait UIInterfaceOrientationLandscapeLeft UIInterfaceOrientationLandscapeRight";
				LD_RUNPATH_SEARCH_PATHS = (
					"$(inherited)",
					"@executable_path/Frameworks",
				);
				MARKETING_VERSION = 1.0;
				PRODUCT_BUNDLE_IDENTIFIER = com.khang.nguyen.AppLuk;
				PRODUCT_NAME = "$(TARGET_NAME)";
				SWIFT_EMIT_LOC_STRINGS = YES;
				SWIFT_VERSION = 5.0;
				TARGETED_DEVICE_FAMILY = "1,2";
			};
			name = Release;
		};
		42C6A8CD2C835E4300A28FAA /* Debug */ = {
			isa = XCBuildConfiguration;
			buildSettings = {
				ASSETCATALOG_COMPILER_GLOBAL_ACCENT_COLOR_NAME = AccentColor;
				ASSETCATALOG_COMPILER_WIDGET_BACKGROUND_COLOR_NAME = WidgetBackground;
				CODE_SIGN_ENTITLEMENTS = AppLukWidgetExtension.entitlements;
				CODE_SIGN_STYLE = Automatic;
				CURRENT_PROJECT_VERSION = 1;
				DEVELOPMENT_TEAM = T76274KP97;
				GENERATE_INFOPLIST_FILE = YES;
				INFOPLIST_FILE = AppLukWidget/Info.plist;
				INFOPLIST_KEY_CFBundleDisplayName = AppLukWidget;
				INFOPLIST_KEY_NSHumanReadableCopyright = "";
				LD_RUNPATH_SEARCH_PATHS = (
					"$(inherited)",
					"@executable_path/Frameworks",
					"@executable_path/../../Frameworks",
				);
				MARKETING_VERSION = 1.0;
				PRODUCT_BUNDLE_IDENTIFIER = com.khang.nguyen.AppLuk.AppLukWidget;
				PRODUCT_NAME = "$(TARGET_NAME)";
				SKIP_INSTALL = YES;
				SWIFT_EMIT_LOC_STRINGS = YES;
				SWIFT_VERSION = 5.0;
				TARGETED_DEVICE_FAMILY = "1,2";
			};
			name = Debug;
		};
		42C6A8CE2C835E4300A28FAA /* Release */ = {
			isa = XCBuildConfiguration;
			buildSettings = {
				ASSETCATALOG_COMPILER_GLOBAL_ACCENT_COLOR_NAME = AccentColor;
				ASSETCATALOG_COMPILER_WIDGET_BACKGROUND_COLOR_NAME = WidgetBackground;
				CODE_SIGN_ENTITLEMENTS = AppLukWidgetExtension.entitlements;
				CODE_SIGN_STYLE = Automatic;
				CURRENT_PROJECT_VERSION = 1;
				DEVELOPMENT_TEAM = T76274KP97;
				GENERATE_INFOPLIST_FILE = YES;
				INFOPLIST_FILE = AppLukWidget/Info.plist;
				INFOPLIST_KEY_CFBundleDisplayName = AppLukWidget;
				INFOPLIST_KEY_NSHumanReadableCopyright = "";
				LD_RUNPATH_SEARCH_PATHS = (
					"$(inherited)",
					"@executable_path/Frameworks",
					"@executable_path/../../Frameworks",
				);
				MARKETING_VERSION = 1.0;
				PRODUCT_BUNDLE_IDENTIFIER = com.khang.nguyen.AppLuk.AppLukWidget;
				PRODUCT_NAME = "$(TARGET_NAME)";
				SKIP_INSTALL = YES;
				SWIFT_EMIT_LOC_STRINGS = YES;
				SWIFT_VERSION = 5.0;
				TARGETED_DEVICE_FAMILY = "1,2";
			};
			name = Release;
		};
/* End XCBuildConfiguration section */

/* Begin XCConfigurationList section */
		4212EDC72C56D9E300F30DD2 /* Build configuration list for PBXProject "AppLuk" */ = {
			isa = XCConfigurationList;
			buildConfigurations = (
				4212EDD82C56D9E600F30DD2 /* Debug */,
				4212EDD92C56D9E600F30DD2 /* Release */,
			);
			defaultConfigurationIsVisible = 0;
			defaultConfigurationName = Release;
		};
		4212EDDA2C56D9E600F30DD2 /* Build configuration list for PBXNativeTarget "AppLuk" */ = {
			isa = XCConfigurationList;
			buildConfigurations = (
				4212EDDB2C56D9E600F30DD2 /* Debug */,
				4212EDDC2C56D9E600F30DD2 /* Release */,
			);
			defaultConfigurationIsVisible = 0;
			defaultConfigurationName = Release;
		};
		42C6A8CC2C835E4300A28FAA /* Build configuration list for PBXNativeTarget "AppLukWidgetExtension" */ = {
			isa = XCConfigurationList;
			buildConfigurations = (
				42C6A8CD2C835E4300A28FAA /* Debug */,
				42C6A8CE2C835E4300A28FAA /* Release */,
			);
			defaultConfigurationIsVisible = 0;
			defaultConfigurationName = Release;
		};
/* End XCConfigurationList section */

/* Begin XCRemoteSwiftPackageReference section */
		428AAAC12C5D304D006B6647 /* XCRemoteSwiftPackageReference "swift-markdown-ui" */ = {
			isa = XCRemoteSwiftPackageReference;
			repositoryURL = "https://github.com/gonzalezreal/swift-markdown-ui";
			requirement = {
				kind = upToNextMajorVersion;
				minimumVersion = 2.3.1;
			};
		};
		42B5974E2C6D507D00C37F66 /* XCRemoteSwiftPackageReference "firebase-ios-sdk" */ = {
			isa = XCRemoteSwiftPackageReference;
			repositoryURL = "https://github.com/firebase/firebase-ios-sdk";
			requirement = {
				kind = upToNextMajorVersion;
				minimumVersion = 11.0.0;
			};
		};
		42B597A62C6E40E300C37F66 /* XCRemoteSwiftPackageReference "swiftui-cached-async-image" */ = {
			isa = XCRemoteSwiftPackageReference;
			repositoryURL = "https://github.com/lorenzofiamingo/swiftui-cached-async-image";
			requirement = {
				kind = upToNextMajorVersion;
				minimumVersion = 2.1.1;
			};
		};
/* End XCRemoteSwiftPackageReference section */

/* Begin XCSwiftPackageProductDependency section */
		428AAAC22C5D304D006B6647 /* MarkdownUI */ = {
			isa = XCSwiftPackageProductDependency;
			package = 428AAAC12C5D304D006B6647 /* XCRemoteSwiftPackageReference "swift-markdown-ui" */;
			productName = MarkdownUI;
		};
		42B5974F2C6D507D00C37F66 /* FirebaseAuth */ = {
			isa = XCSwiftPackageProductDependency;
			package = 42B5974E2C6D507D00C37F66 /* XCRemoteSwiftPackageReference "firebase-ios-sdk" */;
			productName = FirebaseAuth;
		};
		42B597512C6D507D00C37F66 /* FirebaseFirestore */ = {
			isa = XCSwiftPackageProductDependency;
			package = 42B5974E2C6D507D00C37F66 /* XCRemoteSwiftPackageReference "firebase-ios-sdk" */;
			productName = FirebaseFirestore;
		};
		42B597A72C6E40E400C37F66 /* CachedAsyncImage */ = {
			isa = XCSwiftPackageProductDependency;
			package = 42B597A62C6E40E300C37F66 /* XCRemoteSwiftPackageReference "swiftui-cached-async-image" */;
			productName = CachedAsyncImage;
		};
		42B597BF2C6EE84C00C37F66 /* FirebaseStorage */ = {
			isa = XCSwiftPackageProductDependency;
			package = 42B5974E2C6D507D00C37F66 /* XCRemoteSwiftPackageReference "firebase-ios-sdk" */;
			productName = FirebaseStorage;
		};
		42C6A8D22C8365B200A28FAA /* FirebaseAuth */ = {
			isa = XCSwiftPackageProductDependency;
			package = 42B5974E2C6D507D00C37F66 /* XCRemoteSwiftPackageReference "firebase-ios-sdk" */;
			productName = FirebaseAuth;
		};
		42C6A8D42C8365B200A28FAA /* FirebaseFirestore */ = {
			isa = XCSwiftPackageProductDependency;
			package = 42B5974E2C6D507D00C37F66 /* XCRemoteSwiftPackageReference "firebase-ios-sdk" */;
			productName = FirebaseFirestore;
		};
/* End XCSwiftPackageProductDependency section */
	};
	rootObject = 4212EDC42C56D9E300F30DD2 /* Project object */;
}
